// !$*UTF8*$!
{
	archiveVersion = 1;
	classes = {
	};
	objectVersion = 46;
	objects = {

/* Begin PBXBuildFile section */
		63BF25CE1653BD9D00F4F97C /* libz.dylib.framework in Frameworks */ = {isa = PBXBuildFile; fileRef = 63BF25CD1653BD9D00F4F97C /* libz.dylib.framework */; };
		63BF25D01653BD9D00F4F97C /* CoreMedia.framework in Frameworks */ = {isa = PBXBuildFile; fileRef = 63BF25CF1653BD9D00F4F97C /* CoreMedia.framework */; };
		63BF25D21653BD9D00F4F97C /* CoreVideo.framework in Frameworks */ = {isa = PBXBuildFile; fileRef = 63BF25D11653BD9D00F4F97C /* CoreVideo.framework */; };
		63BF25D41653BD9D00F4F97C /* AVFoundation.framework in Frameworks */ = {isa = PBXBuildFile; fileRef = 63BF25D31653BD9D00F4F97C /* AVFoundation.framework */; };
		63BF25D61653BD9D00F4F97C /* CoreGraphics.framework in Frameworks */ = {isa = PBXBuildFile; fileRef = 63BF25D51653BD9D00F4F97C /* CoreGraphics.framework */; };
		63BF25D81653BD9D00F4F97C /* CFNetwork.framework in Frameworks */ = {isa = PBXBuildFile; fileRef = 63BF25D71653BD9D00F4F97C /* CFNetwork.framework */; };
		63BF25DA1653BD9D00F4F97C /* Foundation.framework in Frameworks */ = {isa = PBXBuildFile; fileRef = 63BF25D91653BD9D00F4F97C /* Foundation.framework */; };
		63BF25DC1653BD9D00F4F97C /* MobileCoreServices.framework in Frameworks */ = {isa = PBXBuildFile; fileRef = 63BF25DB1653BD9D00F4F97C /* MobileCoreServices.framework */; };
		63BF25DE1653BD9D00F4F97C /* QuartzCore.framework in Frameworks */ = {isa = PBXBuildFile; fileRef = 63BF25DD1653BD9D00F4F97C /* QuartzCore.framework */; };
		63BF25E01653BD9D00F4F97C /* Security.framework in Frameworks */ = {isa = PBXBuildFile; fileRef = 63BF25DF1653BD9D00F4F97C /* Security.framework */; };
		63BF25E21653BD9D00F4F97C /* SystemConfiguration.framework in Frameworks */ = {isa = PBXBuildFile; fileRef = 63BF25E11653BD9D00F4F97C /* SystemConfiguration.framework */; };
		63BF25E41653BD9D00F4F97C /* UIKit.framework in Frameworks */ = {isa = PBXBuildFile; fileRef = 63BF25E31653BD9D00F4F97C /* UIKit.framework */; };
		63BF25EB1653BD9D00F4F97C /* InfoPlist.strings in Resources */ = {isa = PBXBuildFile; fileRef = 63BF25E91653BD9D00F4F97C /* InfoPlist.strings */; };
		63BF25ED1653BD9D00F4F97C /* main.m in Sources */ = {isa = PBXBuildFile; fileRef = 63BF25EC1653BD9D00F4F97C /* main.m */; };
		63BF25F11653BD9D00F4F97C /* AppBoard.m in Sources */ = {isa = PBXBuildFile; fileRef = 63BF25F01653BD9D00F4F97C /* AppBoard.m */; };
		63BF25F41653BD9D00F4F97C /* AppDelegate.m in Sources */ = {isa = PBXBuildFile; fileRef = 63BF25F31653BD9D00F4F97C /* AppDelegate.m */; };
/* End PBXBuildFile section */

/* Begin PBXFileReference section */
		63BF25C91653BD9D00F4F97C /* iBooks.app */ = {isa = PBXFileReference; explicitFileType = wrapper.application; includeInIndex = 0; path = iBooks.app; sourceTree = BUILT_PRODUCTS_DIR; };
		63BF25CD1653BD9D00F4F97C /* libz.dylib.framework */ = {isa = PBXFileReference; lastKnownFileType = wrapper.framework; name = libz.dylib.framework; path = Library/Frameworks/libz.dylib.framework; sourceTree = DEVELOPER_DIR; };
		63BF25CF1653BD9D00F4F97C /* CoreMedia.framework */ = {isa = PBXFileReference; lastKnownFileType = wrapper.framework; name = CoreMedia.framework; path = Library/Frameworks/CoreMedia.framework; sourceTree = DEVELOPER_DIR; };
		63BF25D11653BD9D00F4F97C /* CoreVideo.framework */ = {isa = PBXFileReference; lastKnownFileType = wrapper.framework; name = CoreVideo.framework; path = Library/Frameworks/CoreVideo.framework; sourceTree = DEVELOPER_DIR; };
		63BF25D31653BD9D00F4F97C /* AVFoundation.framework */ = {isa = PBXFileReference; lastKnownFileType = wrapper.framework; name = AVFoundation.framework; path = Library/Frameworks/AVFoundation.framework; sourceTree = DEVELOPER_DIR; };
		63BF25D51653BD9D00F4F97C /* CoreGraphics.framework */ = {isa = PBXFileReference; lastKnownFileType = wrapper.framework; name = CoreGraphics.framework; path = Library/Frameworks/CoreGraphics.framework; sourceTree = DEVELOPER_DIR; };
		63BF25D71653BD9D00F4F97C /* CFNetwork.framework */ = {isa = PBXFileReference; lastKnownFileType = wrapper.framework; name = CFNetwork.framework; path = Library/Frameworks/CFNetwork.framework; sourceTree = DEVELOPER_DIR; };
		63BF25D91653BD9D00F4F97C /* Foundation.framework */ = {isa = PBXFileReference; lastKnownFileType = wrapper.framework; name = Foundation.framework; path = Library/Frameworks/Foundation.framework; sourceTree = DEVELOPER_DIR; };
		63BF25DB1653BD9D00F4F97C /* MobileCoreServices.framework */ = {isa = PBXFileReference; lastKnownFileType = wrapper.framework; name = MobileCoreServices.framework; path = Library/Frameworks/MobileCoreServices.framework; sourceTree = DEVELOPER_DIR; };
		63BF25DD1653BD9D00F4F97C /* QuartzCore.framework */ = {isa = PBXFileReference; lastKnownFileType = wrapper.framework; name = QuartzCore.framework; path = Library/Frameworks/QuartzCore.framework; sourceTree = DEVELOPER_DIR; };
		63BF25DF1653BD9D00F4F97C /* Security.framework */ = {isa = PBXFileReference; lastKnownFileType = wrapper.framework; name = Security.framework; path = Library/Frameworks/Security.framework; sourceTree = DEVELOPER_DIR; };
		63BF25E11653BD9D00F4F97C /* SystemConfiguration.framework */ = {isa = PBXFileReference; lastKnownFileType = wrapper.framework; name = SystemConfiguration.framework; path = Library/Frameworks/SystemConfiguration.framework; sourceTree = DEVELOPER_DIR; };
		63BF25E31653BD9D00F4F97C /* UIKit.framework */ = {isa = PBXFileReference; lastKnownFileType = wrapper.framework; name = UIKit.framework; path = Library/Frameworks/UIKit.framework; sourceTree = DEVELOPER_DIR; };
		63BF25E71653BD9D00F4F97C /* iBooks-Info.plist */ = {isa = PBXFileReference; path = "iBooks-Info.plist"; sourceTree = "<group>"; };
		63BF25EA1653BD9D00F4F97C /* en */ = {isa = PBXFileReference; lastKnownFileType = text.plist.strings; name = en; path = en.lproj/InfoPlist.strings; sourceTree = "<group>"; };
		63BF25EC1653BD9D00F4F97C /* main.m */ = {isa = PBXFileReference; lastKnownFileType = sourcecode.c.objc; path = main.m; sourceTree = "<group>"; };
		63BF25EE1653BD9D00F4F97C /* iBooks-Prefix.pch */ = {isa = PBXFileReference; path = "iBooks-Prefix.pch"; sourceTree = "<group>"; };
		63BF25EF1653BD9D00F4F97C /* AppBoard.h */ = {isa = PBXFileReference; path = AppBoard.h; sourceTree = "<group>"; };
		63BF25F01653BD9D00F4F97C /* AppBoard.m */ = {isa = PBXFileReference; lastKnownFileType = sourcecode.c.objc; path = AppBoard.m; sourceTree = "<group>"; };
		63BF25F21653BD9D00F4F97C /* AppDelegate.h */ = {isa = PBXFileReference; path = AppDelegate.h; sourceTree = "<group>"; };
		63BF25F31653BD9D00F4F97C /* AppDelegate.m */ = {isa = PBXFileReference; lastKnownFileType = sourcecode.c.objc; path = AppDelegate.m; sourceTree = "<group>"; };
/* End PBXFileReference section */

/* Begin PBXFrameworksBuildPhase section */
		63BF25C31653BD9D00F4F97C /* Frameworks */ = {
			isa = PBXFrameworksBuildPhase;
			buildActionMask = 2147483647;
			files = (
				63BF25CE1653BD9D00F4F97C /* libz.dylib.framework in Frameworks */,
				63BF25D01653BD9D00F4F97C /* CoreMedia.framework in Frameworks */,
				63BF25D21653BD9D00F4F97C /* CoreVideo.framework in Frameworks */,
				63BF25D41653BD9D00F4F97C /* AVFoundation.framework in Frameworks */,
				63BF25D61653BD9D00F4F97C /* CoreGraphics.framework in Frameworks */,
				63BF25D81653BD9D00F4F97C /* CFNetwork.framework in Frameworks */,
				63BF25DA1653BD9D00F4F97C /* Foundation.framework in Frameworks */,
				63BF25DC1653BD9D00F4F97C /* MobileCoreServices.framework in Frameworks */,
				63BF25DE1653BD9D00F4F97C /* QuartzCore.framework in Frameworks */,
				63BF25E01653BD9D00F4F97C /* Security.framework in Frameworks */,
				63BF25E21653BD9D00F4F97C /* SystemConfiguration.framework in Frameworks */,
				63BF25E41653BD9D00F4F97C /* UIKit.framework in Frameworks */,
			);
			runOnlyForDeploymentPostprocessing = 0;
		};
		63BF25C61653BD9D00F4F97C /* Frameworks */ = {
			isa = PBXFrameworksBuildPhase;
			buildActionMask = 2147483647;
			files = (
			);
			runOnlyForDeploymentPostprocessing = 0;
		};
/* End PBXFrameworksBuildPhase section */

/* Begin PBXGroup section */
		63BF25BB1653BD9D00F4F97C = {
			isa = PBXGroup;
			children = (
				63BF25E51653BD9D00F4F97C /* iBooks */,
				63BF25CC1653BD9D00F4F97C /* Frameworks */,
				63BF25CA1653BD9D00F4F97C /* Products */,
			);
			sourceTree = "<group>";
		};
		63BF25CA1653BD9D00F4F97C /* Products */ = {
			isa = PBXGroup;
			children = (
				63BF25C91653BD9D00F4F97C /* iBooks.app */,
			);
			name = Products;
			sourceTree = "<group>";
		};
		63BF25CC1653BD9D00F4F97C /* Frameworks */ = {
			isa = PBXGroup;
			children = (
				63BF25CD1653BD9D00F4F97C /* libz.dylib.framework */,
				63BF25CF1653BD9D00F4F97C /* CoreMedia.framework */,
				63BF25D11653BD9D00F4F97C /* CoreVideo.framework */,
				63BF25D31653BD9D00F4F97C /* AVFoundation.framework */,
				63BF25D51653BD9D00F4F97C /* CoreGraphics.framework */,
				63BF25D71653BD9D00F4F97C /* CFNetwork.framework */,
				63BF25D91653BD9D00F4F97C /* Foundation.framework */,
				63BF25DB1653BD9D00F4F97C /* MobileCoreServices.framework */,
				63BF25DD1653BD9D00F4F97C /* QuartzCore.framework */,
				63BF25DF1653BD9D00F4F97C /* Security.framework */,
				63BF25E11653BD9D00F4F97C /* SystemConfiguration.framework */,
				63BF25E31653BD9D00F4F97C /* UIKit.framework */,
			);
			name = Frameworks;
			sourceTree = "<group>";
		};
		63BF25E51653BD9D00F4F97C /* iBooks */ = {
			isa = PBXGroup;
			children = (
				63BF25E61653BD9D00F4F97C /* Main */,
				63BF25E81653BD9D00F4F97C /* Supporting Files */,
			);
			path = iBooks;
			sourceTree = "<group>";
		};
		63BF25E61653BD9D00F4F97C /* Main */ = {
			isa = PBXGroup;
			children = (
				63BF25E71653BD9D00F4F97C /* iBooks-Info.plist */,
				63BF25EC1653BD9D00F4F97C /* main.m */,
				63BF25EF1653BD9D00F4F97C /* AppBoard.h */,
				63BF25F01653BD9D00F4F97C /* AppBoard.m */,
				63BF25F21653BD9D00F4F97C /* AppDelegate.h */,
				63BF25F31653BD9D00F4F97C /* AppDelegate.m */,
			);
			name = Main;
			sourceTree = "<group>";
		};
		63BF25E81653BD9D00F4F97C /* Supporting Files */ = {
			isa = PBXGroup;
			children = (
				63BF25E91653BD9D00F4F97C /* InfoPlist.strings */,
				63BF25EE1653BD9D00F4F97C /* iBooks-Prefix.pch */,
			);
			name = "Supporting Files";
			sourceTree = "<group>";
		};
/* End PBXGroup section */

/* Begin PBXNativeTarget section */
		63BF25C81653BD9D00F4F97C /* iBooks */ = {
			isa = PBXNativeTarget;
			buildConfigurationList = 63BF25F71653BD9D00F4F97C /* Build configuration list for PBXNativeTarget "iBooks" */;
			buildPhases = (
				63BF25C21653BD9D00F4F97C /* Sources */,
				63BF25C31653BD9D00F4F97C /* Frameworks */,
				63BF25C41653BD9D00F4F97C /* Resources */,
				63BF25C51653BD9D00F4F97C /* Sources */,
				63BF25C61653BD9D00F4F97C /* Frameworks */,
				63BF25C71653BD9D00F4F97C /* ShellScript */,
			);
			buildRules = (
			);
			dependencies = (
			);
			name = iBooks;
			productName = iBooks;
			productReference = 63BF25C91653BD9D00F4F97C /* iBooks.app */;
			productType = "com.apple.product-type.application";
		};
/* End PBXNativeTarget section */

/* Begin PBXProject section */
		63BF25BD1653BD9D00F4F97C /* Project object */ = {
			isa = PBXProject;
			attributes = {
				LastUpgradeCheck = 0430;
				ORGANIZATIONNAME = tencent;
			};
			buildConfigurationList = 63BF25C01653BD9D00F4F97C /* Build configuration list for PBXProject "iBooks" */;
			compatibilityVersion = "Xcode 3.2";
			developmentRegion = English;
			hasScannedForEncodings = 0;
			knownRegions = (
				en,
			);
			mainGroup = 63BF25BB1653BD9D00F4F97C;
			productRefGroup = 63BF25CA1653BD9D00F4F97C /* Products */;
			projectDirPath = "";
			projectRoot = "";
			targets = (
				63BF25C81653BD9D00F4F97C /* iBooks */,
			);
		};
/* End PBXProject section */

/* Begin PBXResourcesBuildPhase section */
		63BF25C41653BD9D00F4F97C /* Resources */ = {
			isa = PBXResourcesBuildPhase;
			buildActionMask = 2147483647;
			files = (
				63BF25EB1653BD9D00F4F97C /* InfoPlist.strings in Resources */,
			);
			runOnlyForDeploymentPostprocessing = 0;
		};
/* End PBXResourcesBuildPhase section */

/* Begin PBXShellScriptBuildPhase section */
		63BF25C71653BD9D00F4F97C /* ShellScript */ = {
			isa = PBXShellScriptBuildPhase;
			buildActionMask = 2147483647;
			files = (
			);
			inputPaths = (
			);
			outputPaths = (
			);
			runOnlyForDeploymentPostprocessing = 0;
			shellPath = /bin/bash;
			shellScript = "\n\t\t\t\t\t\t\t\tif [ ! -d \"$PROJECT_DIR/www\" ] ; then\n\t\t\t\t\t\t\t\t\tcp -R /Users/Shared/PhoneGap/Frameworks/PhoneGap.framework/www \"$PROJECT_DIR\"\n\t\t\t\t\t\t\t\tfi\n\t\t\t\t\t\t\t\t# detect www folder reference in project, if missing, print warning\n\t\t\t\t\t\t\t\tgrep \"{isa = PBXFileReference; lastKnownFileType = folder; path = www; sourceTree = \\\"<group>\\\"; };\" \"$PROJECT_DIR/$PROJECT_NAME.xcodeproj/project.pbxproj\"\n\t\t\t\t\t\t\t\trc=$? \n\t\t\t\t\t\t\t\tif [ $rc != 0 ] ; then\n\t\t\t\t\t\t\t\techo -e \"warning: Missing - Add $PROJECT_DIR/www as a folder reference in your project. Just drag and drop the folder into your project, into the Project Navigator of Xcode 4. Make sure you select the second radio-button: 'Create folder references for any added folders' (which will create a blue folder)\" 1>&2\n\t\t\t\t\t\t\t\tfi\t\t\t\t\t\t\t";
		};
/* End PBXShellScriptBuildPhase section */

/* Begin PBXSourcesBuildPhase section */
		63BF25C21653BD9D00F4F97C /* Sources */ = {
			isa = PBXSourcesBuildPhase;
			buildActionMask = 2147483647;
			files = (
				63BF25ED1653BD9D00F4F97C /* main.m in Sources */,
				63BF25F11653BD9D00F4F97C /* AppBoard.m in Sources */,
				63BF25F41653BD9D00F4F97C /* AppDelegate.m in Sources */,
			);
			runOnlyForDeploymentPostprocessing = 0;
		};
		63BF25C51653BD9D00F4F97C /* Sources */ = {
			isa = PBXSourcesBuildPhase;
			buildActionMask = 2147483647;
			files = (
			);
			runOnlyForDeploymentPostprocessing = 0;
		};
/* End PBXSourcesBuildPhase section */

/* Begin PBXVariantGroup section */
		63BF25E91653BD9D00F4F97C /* InfoPlist.strings */ = {
			isa = PBXVariantGroup;
			children = (
				63BF25EA1653BD9D00F4F97C /* en */,
			);
			name = InfoPlist.strings;
			sourceTree = "<group>";
		};
/* End PBXVariantGroup section */

/* Begin XCBuildConfiguration section */
		63BF25F51653BD9D00F4F97C /* Debug */ = {
			isa = XCBuildConfiguration;
			buildSettings = {
				ALWAYS_SEARCH_USER_PATHS = NO;
				ARCHS = "$(ARCHS_STANDARD_32_BIT)";
				"CODE_SIGN_IDENTITY[sdk=iphoneos*]" = "iPhone Developer";
				COPY_PHASE_STRIP = NO;
				GCC_C_LANGUAGE_STANDARD = gnu99;
				GCC_DYNAMIC_NO_PIC = NO;
				GCC_OPTIMIZATION_LEVEL = 0;
				GCC_PREPROCESSOR_DEFINITIONS = (
					"DEBUG=1",
					"$(inherited)",
				);
				GCC_SYMBOLS_PRIVATE_EXTERN = NO;
				GCC_VERSION = com.apple.compilers.llvmgcc42;
				GCC_WARN_ABOUT_RETURN_TYPE = YES;
				GCC_WARN_UNINITIALIZED_AUTOS = YES;
				GCC_WARN_UNUSED_VARIABLE = YES;
				IPHONEOS_DEPLOYMENT_TARGET = 3.0;
				SDKROOT = iphoneos;
			};
			name = Debug;
		};
		63BF25F61653BD9D00F4F97C /* Release */ = {
			isa = XCBuildConfiguration;
			buildSettings = {
				ALWAYS_SEARCH_USER_PATHS = NO;
				ARCHS = "$(ARCHS_STANDARD_32_BIT)";
				"CODE_SIGN_IDENTITY[sdk=iphoneos*]" = "iPhone Developer";
				COPY_PHASE_STRIP = YES;
				GCC_C_LANGUAGE_STANDARD = gnu99;
				GCC_VERSION = com.apple.compilers.llvmgcc42;
				GCC_WARN_ABOUT_RETURN_TYPE = YES;
				GCC_WARN_UNINITIALIZED_AUTOS = YES;
				GCC_WARN_UNUSED_VARIABLE = YES;
				IPHONEOS_DEPLOYMENT_TARGET = 3.0;
				SDKROOT = iphoneos;
				VALIDATE_PRODUCT = YES;
			};
			name = Release;
		};
		63BF25F81653BD9D00F4F97C /* Debug */ = {
			isa = XCBuildConfiguration;
			buildSettings = {
				ALWAYS_SEARCH_USER_PATHS = YES;
				COPY_PHASE_STRIP = NO;
				FRAMEWORK_SEARCH_PATHS = (
					"$(inherited)",
					"\"$(SYSTEM_APPS_DIR)/Xcode.app/Contents/Developer/Library/Frameworks\"",
				);
				GCC_DYNAMIC_NO_PIC = NO;
				GCC_PRECOMPILE_PREFIX_HEADER = YES;
				GCC_PREFIX_HEADER = "iBooks/iBooks-Prefix.pch";
				INFOPLIST_FILE = "iBooks/iBooks-Info.plist";
				OTHER_LDFLAGS = (
					"-weak_framework",
					UIKit,
					"-weak_framework",
					AVFoundation,
					"-weak_framework",
					CoreMedia,
					"-weak_library",
					/usr/lib/libSystem.B.dylib,
				);
				PRODUCT_NAME = "$(TARGET_NAME)";
				TARGETED_DEVICE_FAMILY = "1,2";
				WRAPPER_EXTENSION = app;
			};
			name = Debug;
		};
		63BF25F91653BD9D00F4F97C /* Release */ = {
			isa = XCBuildConfiguration;
			buildSettings = {
				ALWAYS_SEARCH_USER_PATHS = YES;
				COPY_PHASE_STRIP = YES;
				DEBUG_INFORMATION_FORMAT = "dwarf-with-dsym";
				FRAMEWORK_SEARCH_PATHS = (
					"$(inherited)",
					"\"$(SYSTEM_APPS_DIR)/Xcode.app/Contents/Developer/Library/Frameworks\"",
				);
				GCC_PRECOMPILE_PREFIX_HEADER = YES;
				GCC_PREFIX_HEADER = "iBooks/iBooks-Prefix.pch";
				INFOPLIST_FILE = "iBooks/iBooks-Info.plist";
				OTHER_LDFLAGS = (
					"-weak_framework",
					UIKit,
					"-weak_framework",
					AVFoundation,
					"-weak_framework",
					CoreMedia,
					"-weak_library",
					/usr/lib/libSystem.B.dylib,
				);
				PRODUCT_NAME = "$(TARGET_NAME)";
				TARGETED_DEVICE_FAMILY = "1,2";
				VALIDATE_PRODUCT = YES;
				WRAPPER_EXTENSION = app;
			};
			name = Release;
		};
/* End XCBuildConfiguration section */

/* Begin XCConfigurationList section */
		63BF25C01653BD9D00F4F97C /* Build configuration list for PBXProject "iBooks" */ = {
			isa = XCConfigurationList;
			buildConfigurations = (
				63BF25F51653BD9D00F4F97C /* Debug */,
				63BF25F61653BD9D00F4F97C /* Release */,
			);
			defaultConfigurationIsVisible = 0;
			defaultConfigurationName = Release;
		};
		63BF25F71653BD9D00F4F97C /* Build configuration list for PBXNativeTarget "iBooks" */ = {
			isa = XCConfigurationList;
			buildConfigurations = (
				63BF25F81653BD9D00F4F97C /* Debug */,
				63BF25F91653BD9D00F4F97C /* Release */,
			);
			defaultConfigurationIsVisible = 0;
		};
/* End XCConfigurationList section */
	};
	rootObject = 63BF25BD1653BD9D00F4F97C /* Project object */;
}
