// !$*UTF8*$!
{
	archiveVersion = 1;
	classes = {
	};
	objectVersion = 46;
	objects = {

/* Begin PBXBuildFile section */
		63BF25CE1653BD9D00F4F97C /* libz.dylib.framework in Frameworks */ = {isa = PBXBuildFile; fileRef = 63BF25CD1653BD9D00F4F97C /* libz.dylib.framework */; };
		63BF25D01653BD9D00F4F97C /* CoreMedia.framework in Frameworks */ = {isa = PBXBuildFile; fileRef = 63BF25CF1653BD9D00F4F97C /* CoreMedia.framework */; };
		63BF25D21653BD9D00F4F97C /* CoreVideo.framework in Frameworks */ = {isa = PBXBuildFile; fileRef = 63BF25D11653BD9D00F4F97C /* CoreVideo.framework */; };
		63BF25D41653BD9D00F4F97C /* AVFoundation.framework in Frameworks */ = {isa = PBXBuildFile; fileRef = 63BF25D31653BD9D00F4F97C /* AVFoundation.framework */; };
		63BF25D61653BD9D00F4F97C /* CoreGraphics.framework in Frameworks */ = {isa = PBXBuildFile; fileRef = 63BF25D51653BD9D00F4F97C /* CoreGraphics.framework */; };
		63BF25D81653BD9D00F4F97C /* CFNetwork.framework in Frameworks */ = {isa = PBXBuildFile; fileRef = 63BF25D71653BD9D00F4F97C /* CFNetwork.framework */; };
		63BF25DA1653BD9D00F4F97C /* Foundation.framework in Frameworks */ = {isa = PBXBuildFile; fileRef = 63BF25D91653BD9D00F4F97C /* Foundation.framework */; };
		63BF25DC1653BD9D00F4F97C /* MobileCoreServices.framework in Frameworks */ = {isa = PBXBuildFile; fileRef = 63BF25DB1653BD9D00F4F97C /* MobileCoreServices.framework */; };
		63BF25DE1653BD9D00F4F97C /* QuartzCore.framework in Frameworks */ = {isa = PBXBuildFile; fileRef = 63BF25DD1653BD9D00F4F97C /* QuartzCore.framework */; };
		63BF25E01653BD9D00F4F97C /* Security.framework in Frameworks */ = {isa = PBXBuildFile; fileRef = 63BF25DF1653BD9D00F4F97C /* Security.framework */; };
		63BF25E21653BD9D00F4F97C /* SystemConfiguration.framework in Frameworks */ = {isa = PBXBuildFile; fileRef = 63BF25E11653BD9D00F4F97C /* SystemConfiguration.framework */; };
		63BF25E41653BD9D00F4F97C /* UIKit.framework in Frameworks */ = {isa = PBXBuildFile; fileRef = 63BF25E31653BD9D00F4F97C /* UIKit.framework */; };
		63BF25EB1653BD9D00F4F97C /* InfoPlist.strings in Resources */ = {isa = PBXBuildFile; fileRef = 63BF25E91653BD9D00F4F97C /* InfoPlist.strings */; };
		63BF25ED1653BD9D00F4F97C /* main.m in Sources */ = {isa = PBXBuildFile; fileRef = 63BF25EC1653BD9D00F4F97C /* main.m */; };
		63BF25F11653BD9D00F4F97C /* AppBoard.m in Sources */ = {isa = PBXBuildFile; fileRef = 63BF25F01653BD9D00F4F97C /* AppBoard.m */; };
		63BF25F41653BD9D00F4F97C /* AppDelegate.m in Sources */ = {isa = PBXBuildFile; fileRef = 63BF25F31653BD9D00F4F97C /* AppDelegate.m */; };
		63BF26AB1653BEAE00F4F97C /* Bee_Debug.m in Sources */ = {isa = PBXBuildFile; fileRef = 63BF260C1653BEAE00F4F97C /* Bee_Debug.m */; };
		63BF26AC1653BEAE00F4F97C /* Bee_DebugDashBoard.m in Sources */ = {isa = PBXBuildFile; fileRef = 63BF260E1653BEAE00F4F97C /* Bee_DebugDashBoard.m */; };
		63BF26AD1653BEAE00F4F97C /* Bee_DebugDetailView.m in Sources */ = {isa = PBXBuildFile; fileRef = 63BF26101653BEAE00F4F97C /* Bee_DebugDetailView.m */; };
		63BF26AE1653BEAE00F4F97C /* Bee_DebugHeatmapModel.m in Sources */ = {isa = PBXBuildFile; fileRef = 63BF26121653BEAE00F4F97C /* Bee_DebugHeatmapModel.m */; };
		63BF26AF1653BEAE00F4F97C /* Bee_DebugMemoryBoard.m in Sources */ = {isa = PBXBuildFile; fileRef = 63BF26141653BEAE00F4F97C /* Bee_DebugMemoryBoard.m */; };
		63BF26B01653BEAE00F4F97C /* Bee_DebugMemoryModel.m in Sources */ = {isa = PBXBuildFile; fileRef = 63BF26161653BEAE00F4F97C /* Bee_DebugMemoryModel.m */; };
		63BF26B11653BEAE00F4F97C /* Bee_DebugMessageBoard.m in Sources */ = {isa = PBXBuildFile; fileRef = 63BF26181653BEAE00F4F97C /* Bee_DebugMessageBoard.m */; };
		63BF26B21653BEAE00F4F97C /* Bee_DebugMessageModel.m in Sources */ = {isa = PBXBuildFile; fileRef = 63BF261A1653BEAE00F4F97C /* Bee_DebugMessageModel.m */; };
		63BF26B31653BEAE00F4F97C /* Bee_DebugNetworkBoard.m in Sources */ = {isa = PBXBuildFile; fileRef = 63BF261C1653BEAE00F4F97C /* Bee_DebugNetworkBoard.m */; };
		63BF26B41653BEAE00F4F97C /* Bee_DebugNetworkModel.m in Sources */ = {isa = PBXBuildFile; fileRef = 63BF261E1653BEAE00F4F97C /* Bee_DebugNetworkModel.m */; };
		63BF26B51653BEAE00F4F97C /* Bee_DebugPieView.m in Sources */ = {isa = PBXBuildFile; fileRef = 63BF26201653BEAE00F4F97C /* Bee_DebugPieView.m */; };
		63BF26B61653BEAE00F4F97C /* Bee_DebugPlotsView.m in Sources */ = {isa = PBXBuildFile; fileRef = 63BF26221653BEAE00F4F97C /* Bee_DebugPlotsView.m */; };
		63BF26B71653BEAE00F4F97C /* Bee_DebugSampleView.m in Sources */ = {isa = PBXBuildFile; fileRef = 63BF26241653BEAE00F4F97C /* Bee_DebugSampleView.m */; };
		63BF26B81653BEAE00F4F97C /* Bee_DebugSandboxBoard.m in Sources */ = {isa = PBXBuildFile; fileRef = 63BF26261653BEAE00F4F97C /* Bee_DebugSandboxBoard.m */; };
		63BF26B91653BEAE00F4F97C /* Bee_DebugUtility.m in Sources */ = {isa = PBXBuildFile; fileRef = 63BF26281653BEAE00F4F97C /* Bee_DebugUtility.m */; };
		63BF26BA1653BEAE00F4F97C /* Bee_DebugViewBoard.m in Sources */ = {isa = PBXBuildFile; fileRef = 63BF262A1653BEAE00F4F97C /* Bee_DebugViewBoard.m */; };
		63BF26BB1653BEAE00F4F97C /* Bee_DebugWindow.m in Sources */ = {isa = PBXBuildFile; fileRef = 63BF262C1653BEAE00F4F97C /* Bee_DebugWindow.m */; };
		63BF26BC1653BEAE00F4F97C /* bug@2x.png in Resources */ = {isa = PBXBuildFile; fileRef = 63BF262D1653BEAE00F4F97C /* bug@2x.png */; };
		63BF26BD1653BEAE00F4F97C /* close@2x.png in Resources */ = {isa = PBXBuildFile; fileRef = 63BF262E1653BEAE00F4F97C /* close@2x.png */; };
		63BF26BE1653BEAE00F4F97C /* file@2x.png in Resources */ = {isa = PBXBuildFile; fileRef = 63BF262F1653BEAE00F4F97C /* file@2x.png */; };
		63BF26BF1653BEAE00F4F97C /* folder@2x.png in Resources */ = {isa = PBXBuildFile; fileRef = 63BF26301653BEAE00F4F97C /* folder@2x.png */; };
		63BF26C01653BEAE00F4F97C /* heat@2x.png in Resources */ = {isa = PBXBuildFile; fileRef = 63BF26311653BEAE00F4F97C /* heat@2x.png */; };
		63BF26C11653BEAE00F4F97C /* tap@2x.png in Resources */ = {isa = PBXBuildFile; fileRef = 63BF26321653BEAE00F4F97C /* tap@2x.png */; };
		63BF26C21653BEAE00F4F97C /* Bee_Cache.m in Sources */ = {isa = PBXBuildFile; fileRef = 63BF26371653BEAE00F4F97C /* Bee_Cache.m */; };
		63BF26C31653BEAE00F4F97C /* Bee_Keychain.m in Sources */ = {isa = PBXBuildFile; fileRef = 63BF26391653BEAE00F4F97C /* Bee_Keychain.m */; };
		63BF26C41653BEAE00F4F97C /* Bee_Log.mm in Sources */ = {isa = PBXBuildFile; fileRef = 63BF263B1653BEAE00F4F97C /* Bee_Log.mm */; };
		63BF26C51653BEAE00F4F97C /* Bee_Network.m in Sources */ = {isa = PBXBuildFile; fileRef = 63BF263D1653BEAE00F4F97C /* Bee_Network.m */; };
		63BF26C61653BEAE00F4F97C /* Bee_Performance.mm in Sources */ = {isa = PBXBuildFile; fileRef = 63BF263F1653BEAE00F4F97C /* Bee_Performance.mm */; };
		63BF26C71653BEAE00F4F97C /* Bee_Runtime.mm in Sources */ = {isa = PBXBuildFile; fileRef = 63BF26411653BEAE00F4F97C /* Bee_Runtime.mm */; };
		63BF26C81653BEAE00F4F97C /* Bee_Sandbox.mm in Sources */ = {isa = PBXBuildFile; fileRef = 63BF26431653BEAE00F4F97C /* Bee_Sandbox.mm */; };
		63BF26C91653BEAE00F4F97C /* Bee_Singleton.mm in Sources */ = {isa = PBXBuildFile; fileRef = 63BF26451653BEAE00F4F97C /* Bee_Singleton.mm */; };
		63BF26CA1653BEAE00F4F97C /* Bee_SystemInfo.m in Sources */ = {isa = PBXBuildFile; fileRef = 63BF26471653BEAE00F4F97C /* Bee_SystemInfo.m */; };
		63BF26CB1653BEAE00F4F97C /* Bee_Thread.mm in Sources */ = {isa = PBXBuildFile; fileRef = 63BF26491653BEAE00F4F97C /* Bee_Thread.mm */; };
		63BF26CC1653BEAE00F4F97C /* NSArray+BeeExtension.m in Sources */ = {isa = PBXBuildFile; fileRef = 63BF264B1653BEAE00F4F97C /* NSArray+BeeExtension.m */; };
		63BF26CD1653BEAE00F4F97C /* NSData+BeeExtension.m in Sources */ = {isa = PBXBuildFile; fileRef = 63BF264D1653BEAE00F4F97C /* NSData+BeeExtension.m */; };
		63BF26CE1653BEAE00F4F97C /* NSDate+BeeExtension.m in Sources */ = {isa = PBXBuildFile; fileRef = 63BF264F1653BEAE00F4F97C /* NSDate+BeeExtension.m */; };
		63BF26CF1653BEAE00F4F97C /* NSDictionary+BeeExtension.m in Sources */ = {isa = PBXBuildFile; fileRef = 63BF26511653BEAE00F4F97C /* NSDictionary+BeeExtension.m */; };
		63BF26D01653BEAE00F4F97C /* NSNumber+BeeExtension.m in Sources */ = {isa = PBXBuildFile; fileRef = 63BF26531653BEAE00F4F97C /* NSNumber+BeeExtension.m */; };
		63BF26D11653BEAE00F4F97C /* NSObject+BeeNotification.m in Sources */ = {isa = PBXBuildFile; fileRef = 63BF26551653BEAE00F4F97C /* NSObject+BeeNotification.m */; };
		63BF26D21653BEAE00F4F97C /* NSObject+BeeProperty.m in Sources */ = {isa = PBXBuildFile; fileRef = 63BF26571653BEAE00F4F97C /* NSObject+BeeProperty.m */; };
		63BF26D31653BEAE00F4F97C /* NSObject+BeeTicker.m in Sources */ = {isa = PBXBuildFile; fileRef = 63BF26591653BEAE00F4F97C /* NSObject+BeeTicker.m */; };
		63BF26D41653BEAE00F4F97C /* NSString+BeeExtension.m in Sources */ = {isa = PBXBuildFile; fileRef = 63BF265B1653BEAE00F4F97C /* NSString+BeeExtension.m */; };
		63BF26D51653BEAE00F4F97C /* Bee_Controller.mm in Sources */ = {isa = PBXBuildFile; fileRef = 63BF265E1653BEAE00F4F97C /* Bee_Controller.mm */; };
		63BF26D61653BEAE00F4F97C /* Bee_Model.m in Sources */ = {isa = PBXBuildFile; fileRef = 63BF26601653BEAE00F4F97C /* Bee_Model.m */; };
		63BF26D71653BEAE00F4F97C /* Bee_View.m in Sources */ = {isa = PBXBuildFile; fileRef = 63BF26621653BEAE00F4F97C /* Bee_View.m */; };
		63BF26D81653BEAE00F4F97C /* Bee_UIActionSheet.m in Sources */ = {isa = PBXBuildFile; fileRef = 63BF26651653BEAE00F4F97C /* Bee_UIActionSheet.m */; };
		63BF26D91653BEAE00F4F97C /* Bee_UIActivityIndicatorView.m in Sources */ = {isa = PBXBuildFile; fileRef = 63BF26671653BEAE00F4F97C /* Bee_UIActivityIndicatorView.m */; };
		63BF26DA1653BEAE00F4F97C /* Bee_UIAlertView.m in Sources */ = {isa = PBXBuildFile; fileRef = 63BF26691653BEAE00F4F97C /* Bee_UIAlertView.m */; };
		63BF26DB1653BEAE00F4F97C /* Bee_UIButton.m in Sources */ = {isa = PBXBuildFile; fileRef = 63BF266B1653BEAE00F4F97C /* Bee_UIButton.m */; };
		63BF26DC1653BEAE00F4F97C /* Bee_UIDatePicker.m in Sources */ = {isa = PBXBuildFile; fileRef = 63BF266D1653BEAE00F4F97C /* Bee_UIDatePicker.m */; };
		63BF26DD1653BEAE00F4F97C /* Bee_UIGridCell.m in Sources */ = {isa = PBXBuildFile; fileRef = 63BF266F1653BEAE00F4F97C /* Bee_UIGridCell.m */; };
		63BF26DE1653BEAE00F4F97C /* Bee_UIImageView.m in Sources */ = {isa = PBXBuildFile; fileRef = 63BF26711653BEAE00F4F97C /* Bee_UIImageView.m */; };
		63BF26DF1653BEAE00F4F97C /* Bee_UIKeyboard.m in Sources */ = {isa = PBXBuildFile; fileRef = 63BF26731653BEAE00F4F97C /* Bee_UIKeyboard.m */; };
		63BF26E01653BEAE00F4F97C /* Bee_UILabel.m in Sources */ = {isa = PBXBuildFile; fileRef = 63BF26751653BEAE00F4F97C /* Bee_UILabel.m */; };
		63BF26E11653BEAE00F4F97C /* Bee_UIOrientation.m in Sources */ = {isa = PBXBuildFile; fileRef = 63BF26771653BEAE00F4F97C /* Bee_UIOrientation.m */; };
		63BF26E21653BEAE00F4F97C /* Bee_UIPageControl.m in Sources */ = {isa = PBXBuildFile; fileRef = 63BF26791653BEAE00F4F97C /* Bee_UIPageControl.m */; };
		63BF26E31653BEAE00F4F97C /* Bee_UIProgressView.m in Sources */ = {isa = PBXBuildFile; fileRef = 63BF267B1653BEAE00F4F97C /* Bee_UIProgressView.m */; };
		63BF26E41653BEAE00F4F97C /* Bee_UIPullLoader.m in Sources */ = {isa = PBXBuildFile; fileRef = 63BF267D1653BEAE00F4F97C /* Bee_UIPullLoader.m */; };
		63BF26E51653BEAE00F4F97C /* Bee_UIScrollView.m in Sources */ = {isa = PBXBuildFile; fileRef = 63BF267F1653BEAE00F4F97C /* Bee_UIScrollView.m */; };
		63BF26E61653BEAE00F4F97C /* Bee_UISegmentedControl.m in Sources */ = {isa = PBXBuildFile; fileRef = 63BF26811653BEAE00F4F97C /* Bee_UISegmentedControl.m */; };
		63BF26E71653BEAE00F4F97C /* Bee_UISignal.m in Sources */ = {isa = PBXBuildFile; fileRef = 63BF26831653BEAE00F4F97C /* Bee_UISignal.m */; };
		63BF26E81653BEAE00F4F97C /* Bee_UITabBar.m in Sources */ = {isa = PBXBuildFile; fileRef = 63BF26851653BEAE00F4F97C /* Bee_UITabBar.m */; };
		63BF26E91653BEAE00F4F97C /* Bee_UITextField.m in Sources */ = {isa = PBXBuildFile; fileRef = 63BF26871653BEAE00F4F97C /* Bee_UITextField.m */; };
		63BF26EA1653BEAE00F4F97C /* Bee_UITextView.m in Sources */ = {isa = PBXBuildFile; fileRef = 63BF26891653BEAE00F4F97C /* Bee_UITextView.m */; };
		63BF26EB1653BEAE00F4F97C /* Bee_UIWebView.m in Sources */ = {isa = PBXBuildFile; fileRef = 63BF268B1653BEAE00F4F97C /* Bee_UIWebView.m */; };
		63BF26EC1653BEAE00F4F97C /* Bee_UIZoomView.m in Sources */ = {isa = PBXBuildFile; fileRef = 63BF268D1653BEAE00F4F97C /* Bee_UIZoomView.m */; };
		63BF26ED1653BEAE00F4F97C /* CGRect+BeeExtension.m in Sources */ = {isa = PBXBuildFile; fileRef = 63BF268F1653BEAE00F4F97C /* CGRect+BeeExtension.m */; };
		63BF26EE1653BEAE00F4F97C /* UIColor+BeeExtension.m in Sources */ = {isa = PBXBuildFile; fileRef = 63BF26911653BEAE00F4F97C /* UIColor+BeeExtension.m */; };
		63BF26EF1653BEAE00F4F97C /* UIFont+BeeExtension.m in Sources */ = {isa = PBXBuildFile; fileRef = 63BF26931653BEAE00F4F97C /* UIFont+BeeExtension.m */; };
		63BF26F01653BEAE00F4F97C /* UIImage+BeeExtension.m in Sources */ = {isa = PBXBuildFile; fileRef = 63BF26951653BEAE00F4F97C /* UIImage+BeeExtension.m */; };
		63BF26F11653BEAE00F4F97C /* UIView+BeeBackground.m in Sources */ = {isa = PBXBuildFile; fileRef = 63BF26971653BEAE00F4F97C /* UIView+BeeBackground.m */; };
		63BF26F21653BEAE00F4F97C /* UIView+BeeQuery.m in Sources */ = {isa = PBXBuildFile; fileRef = 63BF26991653BEAE00F4F97C /* UIView+BeeQuery.m */; };
		63BF26F31653BEAE00F4F97C /* UIView+BeeWireframe.m in Sources */ = {isa = PBXBuildFile; fileRef = 63BF269B1653BEAE00F4F97C /* UIView+BeeWireframe.m */; };
		63BF26F41653BEAE00F4F97C /* Bee_UIBoard.m in Sources */ = {isa = PBXBuildFile; fileRef = 63BF269E1653BEAE00F4F97C /* Bee_UIBoard.m */; };
		63BF26F51653BEAE00F4F97C /* Bee_UICameraBoard.m in Sources */ = {isa = PBXBuildFile; fileRef = 63BF26A01653BEAE00F4F97C /* Bee_UICameraBoard.m */; };
		63BF26F61653BEAE00F4F97C /* Bee_UIFlowtBoard.m in Sources */ = {isa = PBXBuildFile; fileRef = 63BF26A21653BEAE00F4F97C /* Bee_UIFlowtBoard.m */; };
		63BF26F71653BEAE00F4F97C /* Bee_UIStack.m in Sources */ = {isa = PBXBuildFile; fileRef = 63BF26A41653BEAE00F4F97C /* Bee_UIStack.m */; };
		63BF26F81653BEAE00F4F97C /* Bee_UIStackGroup.m in Sources */ = {isa = PBXBuildFile; fileRef = 63BF26A61653BEAE00F4F97C /* Bee_UIStackGroup.m */; };
		63BF26F91653BEAE00F4F97C /* Bee_UITableBoard.m in Sources */ = {isa = PBXBuildFile; fileRef = 63BF26A81653BEAE00F4F97C /* Bee_UITableBoard.m */; };
		63BF26FA1653BEAE00F4F97C /* Bee_UIWebBoard.m in Sources */ = {isa = PBXBuildFile; fileRef = 63BF26AA1653BEAE00F4F97C /* Bee_UIWebBoard.m */; };
/* End PBXBuildFile section */

/* Begin PBXFileReference section */
		63BF25C91653BD9D00F4F97C /* iBooks.app */ = {isa = PBXFileReference; explicitFileType = wrapper.application; includeInIndex = 0; path = iBooks.app; sourceTree = BUILT_PRODUCTS_DIR; };
		63BF25CD1653BD9D00F4F97C /* libz.dylib.framework */ = {isa = PBXFileReference; lastKnownFileType = wrapper.framework; name = libz.dylib.framework; path = Library/Frameworks/libz.dylib.framework; sourceTree = DEVELOPER_DIR; };
		63BF25CF1653BD9D00F4F97C /* CoreMedia.framework */ = {isa = PBXFileReference; lastKnownFileType = wrapper.framework; name = CoreMedia.framework; path = Library/Frameworks/CoreMedia.framework; sourceTree = DEVELOPER_DIR; };
		63BF25D11653BD9D00F4F97C /* CoreVideo.framework */ = {isa = PBXFileReference; lastKnownFileType = wrapper.framework; name = CoreVideo.framework; path = Library/Frameworks/CoreVideo.framework; sourceTree = DEVELOPER_DIR; };
		63BF25D31653BD9D00F4F97C /* AVFoundation.framework */ = {isa = PBXFileReference; lastKnownFileType = wrapper.framework; name = AVFoundation.framework; path = Library/Frameworks/AVFoundation.framework; sourceTree = DEVELOPER_DIR; };
		63BF25D51653BD9D00F4F97C /* CoreGraphics.framework */ = {isa = PBXFileReference; lastKnownFileType = wrapper.framework; name = CoreGraphics.framework; path = Library/Frameworks/CoreGraphics.framework; sourceTree = DEVELOPER_DIR; };
		63BF25D71653BD9D00F4F97C /* CFNetwork.framework */ = {isa = PBXFileReference; lastKnownFileType = wrapper.framework; name = CFNetwork.framework; path = Library/Frameworks/CFNetwork.framework; sourceTree = DEVELOPER_DIR; };
		63BF25D91653BD9D00F4F97C /* Foundation.framework */ = {isa = PBXFileReference; lastKnownFileType = wrapper.framework; name = Foundation.framework; path = Library/Frameworks/Foundation.framework; sourceTree = DEVELOPER_DIR; };
		63BF25DB1653BD9D00F4F97C /* MobileCoreServices.framework */ = {isa = PBXFileReference; lastKnownFileType = wrapper.framework; name = MobileCoreServices.framework; path = Library/Frameworks/MobileCoreServices.framework; sourceTree = DEVELOPER_DIR; };
		63BF25DD1653BD9D00F4F97C /* QuartzCore.framework */ = {isa = PBXFileReference; lastKnownFileType = wrapper.framework; name = QuartzCore.framework; path = Library/Frameworks/QuartzCore.framework; sourceTree = DEVELOPER_DIR; };
		63BF25DF1653BD9D00F4F97C /* Security.framework */ = {isa = PBXFileReference; lastKnownFileType = wrapper.framework; name = Security.framework; path = Library/Frameworks/Security.framework; sourceTree = DEVELOPER_DIR; };
		63BF25E11653BD9D00F4F97C /* SystemConfiguration.framework */ = {isa = PBXFileReference; lastKnownFileType = wrapper.framework; name = SystemConfiguration.framework; path = Library/Frameworks/SystemConfiguration.framework; sourceTree = DEVELOPER_DIR; };
		63BF25E31653BD9D00F4F97C /* UIKit.framework */ = {isa = PBXFileReference; lastKnownFileType = wrapper.framework; name = UIKit.framework; path = Library/Frameworks/UIKit.framework; sourceTree = DEVELOPER_DIR; };
		63BF25E71653BD9D00F4F97C /* iBooks-Info.plist */ = {isa = PBXFileReference; lastKnownFileType = text.plist.xml; path = "iBooks-Info.plist"; sourceTree = "<group>"; };
		63BF25EA1653BD9D00F4F97C /* en */ = {isa = PBXFileReference; lastKnownFileType = text.plist.strings; name = en; path = en.lproj/InfoPlist.strings; sourceTree = "<group>"; };
		63BF25EC1653BD9D00F4F97C /* main.m */ = {isa = PBXFileReference; lastKnownFileType = sourcecode.c.objc; path = main.m; sourceTree = "<group>"; };
		63BF25EE1653BD9D00F4F97C /* iBooks-Prefix.pch */ = {isa = PBXFileReference; lastKnownFileType = sourcecode.c.h; path = "iBooks-Prefix.pch"; sourceTree = "<group>"; };
		63BF25EF1653BD9D00F4F97C /* AppBoard.h */ = {isa = PBXFileReference; lastKnownFileType = sourcecode.c.h; path = AppBoard.h; sourceTree = "<group>"; };
		63BF25F01653BD9D00F4F97C /* AppBoard.m */ = {isa = PBXFileReference; lastKnownFileType = sourcecode.c.objc; path = AppBoard.m; sourceTree = "<group>"; };
		63BF25F21653BD9D00F4F97C /* AppDelegate.h */ = {isa = PBXFileReference; lastKnownFileType = sourcecode.c.h; path = AppDelegate.h; sourceTree = "<group>"; };
		63BF25F31653BD9D00F4F97C /* AppDelegate.m */ = {isa = PBXFileReference; lastKnownFileType = sourcecode.c.objc; path = AppDelegate.m; sourceTree = "<group>"; };
		63BF260B1653BEAE00F4F97C /* Bee_Debug.h */ = {isa = PBXFileReference; fileEncoding = 4; lastKnownFileType = sourcecode.c.h; path = Bee_Debug.h; sourceTree = "<group>"; };
		63BF260C1653BEAE00F4F97C /* Bee_Debug.m */ = {isa = PBXFileReference; fileEncoding = 4; lastKnownFileType = sourcecode.c.objc; path = Bee_Debug.m; sourceTree = "<group>"; };
		63BF260D1653BEAE00F4F97C /* Bee_DebugDashBoard.h */ = {isa = PBXFileReference; fileEncoding = 4; lastKnownFileType = sourcecode.c.h; path = Bee_DebugDashBoard.h; sourceTree = "<group>"; };
		63BF260E1653BEAE00F4F97C /* Bee_DebugDashBoard.m */ = {isa = PBXFileReference; fileEncoding = 4; lastKnownFileType = sourcecode.c.objc; path = Bee_DebugDashBoard.m; sourceTree = "<group>"; };
		63BF260F1653BEAE00F4F97C /* Bee_DebugDetailView.h */ = {isa = PBXFileReference; fileEncoding = 4; lastKnownFileType = sourcecode.c.h; path = Bee_DebugDetailView.h; sourceTree = "<group>"; };
		63BF26101653BEAE00F4F97C /* Bee_DebugDetailView.m */ = {isa = PBXFileReference; fileEncoding = 4; lastKnownFileType = sourcecode.c.objc; path = Bee_DebugDetailView.m; sourceTree = "<group>"; };
		63BF26111653BEAE00F4F97C /* Bee_DebugHeatmapModel.h */ = {isa = PBXFileReference; fileEncoding = 4; lastKnownFileType = sourcecode.c.h; path = Bee_DebugHeatmapModel.h; sourceTree = "<group>"; };
		63BF26121653BEAE00F4F97C /* Bee_DebugHeatmapModel.m */ = {isa = PBXFileReference; fileEncoding = 4; lastKnownFileType = sourcecode.c.objc; path = Bee_DebugHeatmapModel.m; sourceTree = "<group>"; };
		63BF26131653BEAE00F4F97C /* Bee_DebugMemoryBoard.h */ = {isa = PBXFileReference; fileEncoding = 4; lastKnownFileType = sourcecode.c.h; path = Bee_DebugMemoryBoard.h; sourceTree = "<group>"; };
		63BF26141653BEAE00F4F97C /* Bee_DebugMemoryBoard.m */ = {isa = PBXFileReference; fileEncoding = 4; lastKnownFileType = sourcecode.c.objc; path = Bee_DebugMemoryBoard.m; sourceTree = "<group>"; };
		63BF26151653BEAE00F4F97C /* Bee_DebugMemoryModel.h */ = {isa = PBXFileReference; fileEncoding = 4; lastKnownFileType = sourcecode.c.h; path = Bee_DebugMemoryModel.h; sourceTree = "<group>"; };
		63BF26161653BEAE00F4F97C /* Bee_DebugMemoryModel.m */ = {isa = PBXFileReference; fileEncoding = 4; lastKnownFileType = sourcecode.c.objc; path = Bee_DebugMemoryModel.m; sourceTree = "<group>"; };
		63BF26171653BEAE00F4F97C /* Bee_DebugMessageBoard.h */ = {isa = PBXFileReference; fileEncoding = 4; lastKnownFileType = sourcecode.c.h; path = Bee_DebugMessageBoard.h; sourceTree = "<group>"; };
		63BF26181653BEAE00F4F97C /* Bee_DebugMessageBoard.m */ = {isa = PBXFileReference; fileEncoding = 4; lastKnownFileType = sourcecode.c.objc; path = Bee_DebugMessageBoard.m; sourceTree = "<group>"; };
		63BF26191653BEAE00F4F97C /* Bee_DebugMessageModel.h */ = {isa = PBXFileReference; fileEncoding = 4; lastKnownFileType = sourcecode.c.h; path = Bee_DebugMessageModel.h; sourceTree = "<group>"; };
		63BF261A1653BEAE00F4F97C /* Bee_DebugMessageModel.m */ = {isa = PBXFileReference; fileEncoding = 4; lastKnownFileType = sourcecode.c.objc; path = Bee_DebugMessageModel.m; sourceTree = "<group>"; };
		63BF261B1653BEAE00F4F97C /* Bee_DebugNetworkBoard.h */ = {isa = PBXFileReference; fileEncoding = 4; lastKnownFileType = sourcecode.c.h; path = Bee_DebugNetworkBoard.h; sourceTree = "<group>"; };
		63BF261C1653BEAE00F4F97C /* Bee_DebugNetworkBoard.m */ = {isa = PBXFileReference; fileEncoding = 4; lastKnownFileType = sourcecode.c.objc; path = Bee_DebugNetworkBoard.m; sourceTree = "<group>"; };
		63BF261D1653BEAE00F4F97C /* Bee_DebugNetworkModel.h */ = {isa = PBXFileReference; fileEncoding = 4; lastKnownFileType = sourcecode.c.h; path = Bee_DebugNetworkModel.h; sourceTree = "<group>"; };
		63BF261E1653BEAE00F4F97C /* Bee_DebugNetworkModel.m */ = {isa = PBXFileReference; fileEncoding = 4; lastKnownFileType = sourcecode.c.objc; path = Bee_DebugNetworkModel.m; sourceTree = "<group>"; };
		63BF261F1653BEAE00F4F97C /* Bee_DebugPieView.h */ = {isa = PBXFileReference; fileEncoding = 4; lastKnownFileType = sourcecode.c.h; path = Bee_DebugPieView.h; sourceTree = "<group>"; };
		63BF26201653BEAE00F4F97C /* Bee_DebugPieView.m */ = {isa = PBXFileReference; fileEncoding = 4; lastKnownFileType = sourcecode.c.objc; path = Bee_DebugPieView.m; sourceTree = "<group>"; };
		63BF26211653BEAE00F4F97C /* Bee_DebugPlotsView.h */ = {isa = PBXFileReference; fileEncoding = 4; lastKnownFileType = sourcecode.c.h; path = Bee_DebugPlotsView.h; sourceTree = "<group>"; };
		63BF26221653BEAE00F4F97C /* Bee_DebugPlotsView.m */ = {isa = PBXFileReference; fileEncoding = 4; lastKnownFileType = sourcecode.c.objc; path = Bee_DebugPlotsView.m; sourceTree = "<group>"; };
		63BF26231653BEAE00F4F97C /* Bee_DebugSampleView.h */ = {isa = PBXFileReference; fileEncoding = 4; lastKnownFileType = sourcecode.c.h; path = Bee_DebugSampleView.h; sourceTree = "<group>"; };
		63BF26241653BEAE00F4F97C /* Bee_DebugSampleView.m */ = {isa = PBXFileReference; fileEncoding = 4; lastKnownFileType = sourcecode.c.objc; path = Bee_DebugSampleView.m; sourceTree = "<group>"; };
		63BF26251653BEAE00F4F97C /* Bee_DebugSandboxBoard.h */ = {isa = PBXFileReference; fileEncoding = 4; lastKnownFileType = sourcecode.c.h; path = Bee_DebugSandboxBoard.h; sourceTree = "<group>"; };
		63BF26261653BEAE00F4F97C /* Bee_DebugSandboxBoard.m */ = {isa = PBXFileReference; fileEncoding = 4; lastKnownFileType = sourcecode.c.objc; path = Bee_DebugSandboxBoard.m; sourceTree = "<group>"; };
		63BF26271653BEAE00F4F97C /* Bee_DebugUtility.h */ = {isa = PBXFileReference; fileEncoding = 4; lastKnownFileType = sourcecode.c.h; path = Bee_DebugUtility.h; sourceTree = "<group>"; };
		63BF26281653BEAE00F4F97C /* Bee_DebugUtility.m */ = {isa = PBXFileReference; fileEncoding = 4; lastKnownFileType = sourcecode.c.objc; path = Bee_DebugUtility.m; sourceTree = "<group>"; };
		63BF26291653BEAE00F4F97C /* Bee_DebugViewBoard.h */ = {isa = PBXFileReference; fileEncoding = 4; lastKnownFileType = sourcecode.c.h; path = Bee_DebugViewBoard.h; sourceTree = "<group>"; };
		63BF262A1653BEAE00F4F97C /* Bee_DebugViewBoard.m */ = {isa = PBXFileReference; fileEncoding = 4; lastKnownFileType = sourcecode.c.objc; path = Bee_DebugViewBoard.m; sourceTree = "<group>"; };
		63BF262B1653BEAE00F4F97C /* Bee_DebugWindow.h */ = {isa = PBXFileReference; fileEncoding = 4; lastKnownFileType = sourcecode.c.h; path = Bee_DebugWindow.h; sourceTree = "<group>"; };
		63BF262C1653BEAE00F4F97C /* Bee_DebugWindow.m */ = {isa = PBXFileReference; fileEncoding = 4; lastKnownFileType = sourcecode.c.objc; path = Bee_DebugWindow.m; sourceTree = "<group>"; };
		63BF262D1653BEAE00F4F97C /* bug@2x.png */ = {isa = PBXFileReference; lastKnownFileType = image.png; path = "bug@2x.png"; sourceTree = "<group>"; };
		63BF262E1653BEAE00F4F97C /* close@2x.png */ = {isa = PBXFileReference; lastKnownFileType = image.png; path = "close@2x.png"; sourceTree = "<group>"; };
		63BF262F1653BEAE00F4F97C /* file@2x.png */ = {isa = PBXFileReference; lastKnownFileType = image.png; path = "file@2x.png"; sourceTree = "<group>"; };
		63BF26301653BEAE00F4F97C /* folder@2x.png */ = {isa = PBXFileReference; lastKnownFileType = image.png; path = "folder@2x.png"; sourceTree = "<group>"; };
		63BF26311653BEAE00F4F97C /* heat@2x.png */ = {isa = PBXFileReference; lastKnownFileType = image.png; path = "heat@2x.png"; sourceTree = "<group>"; };
		63BF26321653BEAE00F4F97C /* tap@2x.png */ = {isa = PBXFileReference; lastKnownFileType = image.png; path = "tap@2x.png"; sourceTree = "<group>"; };
		63BF26341653BEAE00F4F97C /* Bee.h */ = {isa = PBXFileReference; fileEncoding = 4; lastKnownFileType = sourcecode.c.h; path = Bee.h; sourceTree = "<group>"; };
		63BF26361653BEAE00F4F97C /* Bee_Cache.h */ = {isa = PBXFileReference; fileEncoding = 4; lastKnownFileType = sourcecode.c.h; path = Bee_Cache.h; sourceTree = "<group>"; };
		63BF26371653BEAE00F4F97C /* Bee_Cache.m */ = {isa = PBXFileReference; fileEncoding = 4; lastKnownFileType = sourcecode.c.objc; path = Bee_Cache.m; sourceTree = "<group>"; };
		63BF26381653BEAE00F4F97C /* Bee_Keychain.h */ = {isa = PBXFileReference; fileEncoding = 4; lastKnownFileType = sourcecode.c.h; path = Bee_Keychain.h; sourceTree = "<group>"; };
		63BF26391653BEAE00F4F97C /* Bee_Keychain.m */ = {isa = PBXFileReference; fileEncoding = 4; lastKnownFileType = sourcecode.c.objc; path = Bee_Keychain.m; sourceTree = "<group>"; };
		63BF263A1653BEAE00F4F97C /* Bee_Log.h */ = {isa = PBXFileReference; fileEncoding = 4; lastKnownFileType = sourcecode.c.h; path = Bee_Log.h; sourceTree = "<group>"; };
		63BF263B1653BEAE00F4F97C /* Bee_Log.mm */ = {isa = PBXFileReference; fileEncoding = 4; lastKnownFileType = sourcecode.cpp.objcpp; path = Bee_Log.mm; sourceTree = "<group>"; };
		63BF263C1653BEAE00F4F97C /* Bee_Network.h */ = {isa = PBXFileReference; fileEncoding = 4; lastKnownFileType = sourcecode.c.h; path = Bee_Network.h; sourceTree = "<group>"; };
		63BF263D1653BEAE00F4F97C /* Bee_Network.m */ = {isa = PBXFileReference; fileEncoding = 4; lastKnownFileType = sourcecode.c.objc; path = Bee_Network.m; sourceTree = "<group>"; };
		63BF263E1653BEAE00F4F97C /* Bee_Performance.h */ = {isa = PBXFileReference; fileEncoding = 4; lastKnownFileType = sourcecode.c.h; path = Bee_Performance.h; sourceTree = "<group>"; };
		63BF263F1653BEAE00F4F97C /* Bee_Performance.mm */ = {isa = PBXFileReference; fileEncoding = 4; lastKnownFileType = sourcecode.cpp.objcpp; path = Bee_Performance.mm; sourceTree = "<group>"; };
		63BF26401653BEAE00F4F97C /* Bee_Runtime.h */ = {isa = PBXFileReference; fileEncoding = 4; lastKnownFileType = sourcecode.c.h; path = Bee_Runtime.h; sourceTree = "<group>"; };
		63BF26411653BEAE00F4F97C /* Bee_Runtime.mm */ = {isa = PBXFileReference; fileEncoding = 4; lastKnownFileType = sourcecode.cpp.objcpp; path = Bee_Runtime.mm; sourceTree = "<group>"; };
		63BF26421653BEAE00F4F97C /* Bee_Sandbox.h */ = {isa = PBXFileReference; fileEncoding = 4; lastKnownFileType = sourcecode.c.h; path = Bee_Sandbox.h; sourceTree = "<group>"; };
		63BF26431653BEAE00F4F97C /* Bee_Sandbox.mm */ = {isa = PBXFileReference; fileEncoding = 4; lastKnownFileType = sourcecode.cpp.objcpp; path = Bee_Sandbox.mm; sourceTree = "<group>"; };
		63BF26441653BEAE00F4F97C /* Bee_Singleton.h */ = {isa = PBXFileReference; fileEncoding = 4; lastKnownFileType = sourcecode.c.h; path = Bee_Singleton.h; sourceTree = "<group>"; };
		63BF26451653BEAE00F4F97C /* Bee_Singleton.mm */ = {isa = PBXFileReference; fileEncoding = 4; lastKnownFileType = sourcecode.cpp.objcpp; path = Bee_Singleton.mm; sourceTree = "<group>"; };
		63BF26461653BEAE00F4F97C /* Bee_SystemInfo.h */ = {isa = PBXFileReference; fileEncoding = 4; lastKnownFileType = sourcecode.c.h; path = Bee_SystemInfo.h; sourceTree = "<group>"; };
		63BF26471653BEAE00F4F97C /* Bee_SystemInfo.m */ = {isa = PBXFileReference; fileEncoding = 4; lastKnownFileType = sourcecode.c.objc; path = Bee_SystemInfo.m; sourceTree = "<group>"; };
		63BF26481653BEAE00F4F97C /* Bee_Thread.h */ = {isa = PBXFileReference; fileEncoding = 4; lastKnownFileType = sourcecode.c.h; path = Bee_Thread.h; sourceTree = "<group>"; };
		63BF26491653BEAE00F4F97C /* Bee_Thread.mm */ = {isa = PBXFileReference; fileEncoding = 4; lastKnownFileType = sourcecode.cpp.objcpp; path = Bee_Thread.mm; sourceTree = "<group>"; };
		63BF264A1653BEAE00F4F97C /* NSArray+BeeExtension.h */ = {isa = PBXFileReference; fileEncoding = 4; lastKnownFileType = sourcecode.c.h; path = "NSArray+BeeExtension.h"; sourceTree = "<group>"; };
		63BF264B1653BEAE00F4F97C /* NSArray+BeeExtension.m */ = {isa = PBXFileReference; fileEncoding = 4; lastKnownFileType = sourcecode.c.objc; path = "NSArray+BeeExtension.m"; sourceTree = "<group>"; };
		63BF264C1653BEAE00F4F97C /* NSData+BeeExtension.h */ = {isa = PBXFileReference; fileEncoding = 4; lastKnownFileType = sourcecode.c.h; path = "NSData+BeeExtension.h"; sourceTree = "<group>"; };
		63BF264D1653BEAE00F4F97C /* NSData+BeeExtension.m */ = {isa = PBXFileReference; fileEncoding = 4; lastKnownFileType = sourcecode.c.objc; path = "NSData+BeeExtension.m"; sourceTree = "<group>"; };
		63BF264E1653BEAE00F4F97C /* NSDate+BeeExtension.h */ = {isa = PBXFileReference; fileEncoding = 4; lastKnownFileType = sourcecode.c.h; path = "NSDate+BeeExtension.h"; sourceTree = "<group>"; };
		63BF264F1653BEAE00F4F97C /* NSDate+BeeExtension.m */ = {isa = PBXFileReference; fileEncoding = 4; lastKnownFileType = sourcecode.c.objc; path = "NSDate+BeeExtension.m"; sourceTree = "<group>"; };
		63BF26501653BEAE00F4F97C /* NSDictionary+BeeExtension.h */ = {isa = PBXFileReference; fileEncoding = 4; lastKnownFileType = sourcecode.c.h; path = "NSDictionary+BeeExtension.h"; sourceTree = "<group>"; };
		63BF26511653BEAE00F4F97C /* NSDictionary+BeeExtension.m */ = {isa = PBXFileReference; fileEncoding = 4; lastKnownFileType = sourcecode.c.objc; path = "NSDictionary+BeeExtension.m"; sourceTree = "<group>"; };
		63BF26521653BEAE00F4F97C /* NSNumber+BeeExtension.h */ = {isa = PBXFileReference; fileEncoding = 4; lastKnownFileType = sourcecode.c.h; path = "NSNumber+BeeExtension.h"; sourceTree = "<group>"; };
		63BF26531653BEAE00F4F97C /* NSNumber+BeeExtension.m */ = {isa = PBXFileReference; fileEncoding = 4; lastKnownFileType = sourcecode.c.objc; path = "NSNumber+BeeExtension.m"; sourceTree = "<group>"; };
		63BF26541653BEAE00F4F97C /* NSObject+BeeNotification.h */ = {isa = PBXFileReference; fileEncoding = 4; lastKnownFileType = sourcecode.c.h; path = "NSObject+BeeNotification.h"; sourceTree = "<group>"; };
		63BF26551653BEAE00F4F97C /* NSObject+BeeNotification.m */ = {isa = PBXFileReference; fileEncoding = 4; lastKnownFileType = sourcecode.c.objc; path = "NSObject+BeeNotification.m"; sourceTree = "<group>"; };
		63BF26561653BEAE00F4F97C /* NSObject+BeeProperty.h */ = {isa = PBXFileReference; fileEncoding = 4; lastKnownFileType = sourcecode.c.h; path = "NSObject+BeeProperty.h"; sourceTree = "<group>"; };
		63BF26571653BEAE00F4F97C /* NSObject+BeeProperty.m */ = {isa = PBXFileReference; fileEncoding = 4; lastKnownFileType = sourcecode.c.objc; path = "NSObject+BeeProperty.m"; sourceTree = "<group>"; };
		63BF26581653BEAE00F4F97C /* NSObject+BeeTicker.h */ = {isa = PBXFileReference; fileEncoding = 4; lastKnownFileType = sourcecode.c.h; path = "NSObject+BeeTicker.h"; sourceTree = "<group>"; };
		63BF26591653BEAE00F4F97C /* NSObject+BeeTicker.m */ = {isa = PBXFileReference; fileEncoding = 4; lastKnownFileType = sourcecode.c.objc; path = "NSObject+BeeTicker.m"; sourceTree = "<group>"; };
		63BF265A1653BEAE00F4F97C /* NSString+BeeExtension.h */ = {isa = PBXFileReference; fileEncoding = 4; lastKnownFileType = sourcecode.c.h; path = "NSString+BeeExtension.h"; sourceTree = "<group>"; };
		63BF265B1653BEAE00F4F97C /* NSString+BeeExtension.m */ = {isa = PBXFileReference; fileEncoding = 4; lastKnownFileType = sourcecode.c.objc; path = "NSString+BeeExtension.m"; sourceTree = "<group>"; };
		63BF265D1653BEAE00F4F97C /* Bee_Controller.h */ = {isa = PBXFileReference; fileEncoding = 4; lastKnownFileType = sourcecode.c.h; path = Bee_Controller.h; sourceTree = "<group>"; };
		63BF265E1653BEAE00F4F97C /* Bee_Controller.mm */ = {isa = PBXFileReference; fileEncoding = 4; lastKnownFileType = sourcecode.cpp.objcpp; path = Bee_Controller.mm; sourceTree = "<group>"; };
		63BF265F1653BEAE00F4F97C /* Bee_Model.h */ = {isa = PBXFileReference; fileEncoding = 4; lastKnownFileType = sourcecode.c.h; path = Bee_Model.h; sourceTree = "<group>"; };
		63BF26601653BEAE00F4F97C /* Bee_Model.m */ = {isa = PBXFileReference; fileEncoding = 4; lastKnownFileType = sourcecode.c.objc; path = Bee_Model.m; sourceTree = "<group>"; };
		63BF26611653BEAE00F4F97C /* Bee_View.h */ = {isa = PBXFileReference; fileEncoding = 4; lastKnownFileType = sourcecode.c.h; path = Bee_View.h; sourceTree = "<group>"; };
		63BF26621653BEAE00F4F97C /* Bee_View.m */ = {isa = PBXFileReference; fileEncoding = 4; lastKnownFileType = sourcecode.c.objc; path = Bee_View.m; sourceTree = "<group>"; };
		63BF26641653BEAE00F4F97C /* Bee_UIActionSheet.h */ = {isa = PBXFileReference; fileEncoding = 4; lastKnownFileType = sourcecode.c.h; path = Bee_UIActionSheet.h; sourceTree = "<group>"; };
		63BF26651653BEAE00F4F97C /* Bee_UIActionSheet.m */ = {isa = PBXFileReference; fileEncoding = 4; lastKnownFileType = sourcecode.c.objc; path = Bee_UIActionSheet.m; sourceTree = "<group>"; };
		63BF26661653BEAE00F4F97C /* Bee_UIActivityIndicatorView.h */ = {isa = PBXFileReference; fileEncoding = 4; lastKnownFileType = sourcecode.c.h; path = Bee_UIActivityIndicatorView.h; sourceTree = "<group>"; };
		63BF26671653BEAE00F4F97C /* Bee_UIActivityIndicatorView.m */ = {isa = PBXFileReference; fileEncoding = 4; lastKnownFileType = sourcecode.c.objc; path = Bee_UIActivityIndicatorView.m; sourceTree = "<group>"; };
		63BF26681653BEAE00F4F97C /* Bee_UIAlertView.h */ = {isa = PBXFileReference; fileEncoding = 4; lastKnownFileType = sourcecode.c.h; path = Bee_UIAlertView.h; sourceTree = "<group>"; };
		63BF26691653BEAE00F4F97C /* Bee_UIAlertView.m */ = {isa = PBXFileReference; fileEncoding = 4; lastKnownFileType = sourcecode.c.objc; path = Bee_UIAlertView.m; sourceTree = "<group>"; };
		63BF266A1653BEAE00F4F97C /* Bee_UIButton.h */ = {isa = PBXFileReference; fileEncoding = 4; lastKnownFileType = sourcecode.c.h; path = Bee_UIButton.h; sourceTree = "<group>"; };
		63BF266B1653BEAE00F4F97C /* Bee_UIButton.m */ = {isa = PBXFileReference; fileEncoding = 4; lastKnownFileType = sourcecode.c.objc; path = Bee_UIButton.m; sourceTree = "<group>"; };
		63BF266C1653BEAE00F4F97C /* Bee_UIDatePicker.h */ = {isa = PBXFileReference; fileEncoding = 4; lastKnownFileType = sourcecode.c.h; path = Bee_UIDatePicker.h; sourceTree = "<group>"; };
		63BF266D1653BEAE00F4F97C /* Bee_UIDatePicker.m */ = {isa = PBXFileReference; fileEncoding = 4; lastKnownFileType = sourcecode.c.objc; path = Bee_UIDatePicker.m; sourceTree = "<group>"; };
		63BF266E1653BEAE00F4F97C /* Bee_UIGridCell.h */ = {isa = PBXFileReference; fileEncoding = 4; lastKnownFileType = sourcecode.c.h; path = Bee_UIGridCell.h; sourceTree = "<group>"; };
		63BF266F1653BEAE00F4F97C /* Bee_UIGridCell.m */ = {isa = PBXFileReference; fileEncoding = 4; lastKnownFileType = sourcecode.c.objc; path = Bee_UIGridCell.m; sourceTree = "<group>"; };
		63BF26701653BEAE00F4F97C /* Bee_UIImageView.h */ = {isa = PBXFileReference; fileEncoding = 4; lastKnownFileType = sourcecode.c.h; path = Bee_UIImageView.h; sourceTree = "<group>"; };
		63BF26711653BEAE00F4F97C /* Bee_UIImageView.m */ = {isa = PBXFileReference; fileEncoding = 4; lastKnownFileType = sourcecode.c.objc; path = Bee_UIImageView.m; sourceTree = "<group>"; };
		63BF26721653BEAE00F4F97C /* Bee_UIKeyboard.h */ = {isa = PBXFileReference; fileEncoding = 4; lastKnownFileType = sourcecode.c.h; path = Bee_UIKeyboard.h; sourceTree = "<group>"; };
		63BF26731653BEAE00F4F97C /* Bee_UIKeyboard.m */ = {isa = PBXFileReference; fileEncoding = 4; lastKnownFileType = sourcecode.c.objc; path = Bee_UIKeyboard.m; sourceTree = "<group>"; };
		63BF26741653BEAE00F4F97C /* Bee_UILabel.h */ = {isa = PBXFileReference; fileEncoding = 4; lastKnownFileType = sourcecode.c.h; path = Bee_UILabel.h; sourceTree = "<group>"; };
		63BF26751653BEAE00F4F97C /* Bee_UILabel.m */ = {isa = PBXFileReference; fileEncoding = 4; lastKnownFileType = sourcecode.c.objc; path = Bee_UILabel.m; sourceTree = "<group>"; };
		63BF26761653BEAE00F4F97C /* Bee_UIOrientation.h */ = {isa = PBXFileReference; fileEncoding = 4; lastKnownFileType = sourcecode.c.h; path = Bee_UIOrientation.h; sourceTree = "<group>"; };
		63BF26771653BEAE00F4F97C /* Bee_UIOrientation.m */ = {isa = PBXFileReference; fileEncoding = 4; lastKnownFileType = sourcecode.c.objc; path = Bee_UIOrientation.m; sourceTree = "<group>"; };
		63BF26781653BEAE00F4F97C /* Bee_UIPageControl.h */ = {isa = PBXFileReference; fileEncoding = 4; lastKnownFileType = sourcecode.c.h; path = Bee_UIPageControl.h; sourceTree = "<group>"; };
		63BF26791653BEAE00F4F97C /* Bee_UIPageControl.m */ = {isa = PBXFileReference; fileEncoding = 4; lastKnownFileType = sourcecode.c.objc; path = Bee_UIPageControl.m; sourceTree = "<group>"; };
		63BF267A1653BEAE00F4F97C /* Bee_UIProgressView.h */ = {isa = PBXFileReference; fileEncoding = 4; lastKnownFileType = sourcecode.c.h; path = Bee_UIProgressView.h; sourceTree = "<group>"; };
		63BF267B1653BEAE00F4F97C /* Bee_UIProgressView.m */ = {isa = PBXFileReference; fileEncoding = 4; lastKnownFileType = sourcecode.c.objc; path = Bee_UIProgressView.m; sourceTree = "<group>"; };
		63BF267C1653BEAE00F4F97C /* Bee_UIPullLoader.h */ = {isa = PBXFileReference; fileEncoding = 4; lastKnownFileType = sourcecode.c.h; path = Bee_UIPullLoader.h; sourceTree = "<group>"; };
		63BF267D1653BEAE00F4F97C /* Bee_UIPullLoader.m */ = {isa = PBXFileReference; fileEncoding = 4; lastKnownFileType = sourcecode.c.objc; path = Bee_UIPullLoader.m; sourceTree = "<group>"; };
		63BF267E1653BEAE00F4F97C /* Bee_UIScrollView.h */ = {isa = PBXFileReference; fileEncoding = 4; lastKnownFileType = sourcecode.c.h; path = Bee_UIScrollView.h; sourceTree = "<group>"; };
		63BF267F1653BEAE00F4F97C /* Bee_UIScrollView.m */ = {isa = PBXFileReference; fileEncoding = 4; lastKnownFileType = sourcecode.c.objc; path = Bee_UIScrollView.m; sourceTree = "<group>"; };
		63BF26801653BEAE00F4F97C /* Bee_UISegmentedControl.h */ = {isa = PBXFileReference; fileEncoding = 4; lastKnownFileType = sourcecode.c.h; path = Bee_UISegmentedControl.h; sourceTree = "<group>"; };
		63BF26811653BEAE00F4F97C /* Bee_UISegmentedControl.m */ = {isa = PBXFileReference; fileEncoding = 4; lastKnownFileType = sourcecode.c.objc; path = Bee_UISegmentedControl.m; sourceTree = "<group>"; };
		63BF26821653BEAE00F4F97C /* Bee_UISignal.h */ = {isa = PBXFileReference; fileEncoding = 4; lastKnownFileType = sourcecode.c.h; path = Bee_UISignal.h; sourceTree = "<group>"; };
		63BF26831653BEAE00F4F97C /* Bee_UISignal.m */ = {isa = PBXFileReference; fileEncoding = 4; lastKnownFileType = sourcecode.c.objc; path = Bee_UISignal.m; sourceTree = "<group>"; };
		63BF26841653BEAE00F4F97C /* Bee_UITabBar.h */ = {isa = PBXFileReference; fileEncoding = 4; lastKnownFileType = sourcecode.c.h; path = Bee_UITabBar.h; sourceTree = "<group>"; };
		63BF26851653BEAE00F4F97C /* Bee_UITabBar.m */ = {isa = PBXFileReference; fileEncoding = 4; lastKnownFileType = sourcecode.c.objc; path = Bee_UITabBar.m; sourceTree = "<group>"; };
		63BF26861653BEAE00F4F97C /* Bee_UITextField.h */ = {isa = PBXFileReference; fileEncoding = 4; lastKnownFileType = sourcecode.c.h; path = Bee_UITextField.h; sourceTree = "<group>"; };
		63BF26871653BEAE00F4F97C /* Bee_UITextField.m */ = {isa = PBXFileReference; fileEncoding = 4; lastKnownFileType = sourcecode.c.objc; path = Bee_UITextField.m; sourceTree = "<group>"; };
		63BF26881653BEAE00F4F97C /* Bee_UITextView.h */ = {isa = PBXFileReference; fileEncoding = 4; lastKnownFileType = sourcecode.c.h; path = Bee_UITextView.h; sourceTree = "<group>"; };
		63BF26891653BEAE00F4F97C /* Bee_UITextView.m */ = {isa = PBXFileReference; fileEncoding = 4; lastKnownFileType = sourcecode.c.objc; path = Bee_UITextView.m; sourceTree = "<group>"; };
		63BF268A1653BEAE00F4F97C /* Bee_UIWebView.h */ = {isa = PBXFileReference; fileEncoding = 4; lastKnownFileType = sourcecode.c.h; path = Bee_UIWebView.h; sourceTree = "<group>"; };
		63BF268B1653BEAE00F4F97C /* Bee_UIWebView.m */ = {isa = PBXFileReference; fileEncoding = 4; lastKnownFileType = sourcecode.c.objc; path = Bee_UIWebView.m; sourceTree = "<group>"; };
		63BF268C1653BEAE00F4F97C /* Bee_UIZoomView.h */ = {isa = PBXFileReference; fileEncoding = 4; lastKnownFileType = sourcecode.c.h; path = Bee_UIZoomView.h; sourceTree = "<group>"; };
		63BF268D1653BEAE00F4F97C /* Bee_UIZoomView.m */ = {isa = PBXFileReference; fileEncoding = 4; lastKnownFileType = sourcecode.c.objc; path = Bee_UIZoomView.m; sourceTree = "<group>"; };
		63BF268E1653BEAE00F4F97C /* CGRect+BeeExtension.h */ = {isa = PBXFileReference; fileEncoding = 4; lastKnownFileType = sourcecode.c.h; path = "CGRect+BeeExtension.h"; sourceTree = "<group>"; };
		63BF268F1653BEAE00F4F97C /* CGRect+BeeExtension.m */ = {isa = PBXFileReference; fileEncoding = 4; lastKnownFileType = sourcecode.c.objc; path = "CGRect+BeeExtension.m"; sourceTree = "<group>"; };
		63BF26901653BEAE00F4F97C /* UIColor+BeeExtension.h */ = {isa = PBXFileReference; fileEncoding = 4; lastKnownFileType = sourcecode.c.h; path = "UIColor+BeeExtension.h"; sourceTree = "<group>"; };
		63BF26911653BEAE00F4F97C /* UIColor+BeeExtension.m */ = {isa = PBXFileReference; fileEncoding = 4; lastKnownFileType = sourcecode.c.objc; path = "UIColor+BeeExtension.m"; sourceTree = "<group>"; };
		63BF26921653BEAE00F4F97C /* UIFont+BeeExtension.h */ = {isa = PBXFileReference; fileEncoding = 4; lastKnownFileType = sourcecode.c.h; path = "UIFont+BeeExtension.h"; sourceTree = "<group>"; };
		63BF26931653BEAE00F4F97C /* UIFont+BeeExtension.m */ = {isa = PBXFileReference; fileEncoding = 4; lastKnownFileType = sourcecode.c.objc; path = "UIFont+BeeExtension.m"; sourceTree = "<group>"; };
		63BF26941653BEAE00F4F97C /* UIImage+BeeExtension.h */ = {isa = PBXFileReference; fileEncoding = 4; lastKnownFileType = sourcecode.c.h; path = "UIImage+BeeExtension.h"; sourceTree = "<group>"; };
		63BF26951653BEAE00F4F97C /* UIImage+BeeExtension.m */ = {isa = PBXFileReference; fileEncoding = 4; lastKnownFileType = sourcecode.c.objc; path = "UIImage+BeeExtension.m"; sourceTree = "<group>"; };
		63BF26961653BEAE00F4F97C /* UIView+BeeBackground.h */ = {isa = PBXFileReference; fileEncoding = 4; lastKnownFileType = sourcecode.c.h; path = "UIView+BeeBackground.h"; sourceTree = "<group>"; };
		63BF26971653BEAE00F4F97C /* UIView+BeeBackground.m */ = {isa = PBXFileReference; fileEncoding = 4; lastKnownFileType = sourcecode.c.objc; path = "UIView+BeeBackground.m"; sourceTree = "<group>"; };
		63BF26981653BEAE00F4F97C /* UIView+BeeQuery.h */ = {isa = PBXFileReference; fileEncoding = 4; lastKnownFileType = sourcecode.c.h; path = "UIView+BeeQuery.h"; sourceTree = "<group>"; };
		63BF26991653BEAE00F4F97C /* UIView+BeeQuery.m */ = {isa = PBXFileReference; fileEncoding = 4; lastKnownFileType = sourcecode.c.objc; path = "UIView+BeeQuery.m"; sourceTree = "<group>"; };
		63BF269A1653BEAE00F4F97C /* UIView+BeeWireframe.h */ = {isa = PBXFileReference; fileEncoding = 4; lastKnownFileType = sourcecode.c.h; path = "UIView+BeeWireframe.h"; sourceTree = "<group>"; };
		63BF269B1653BEAE00F4F97C /* UIView+BeeWireframe.m */ = {isa = PBXFileReference; fileEncoding = 4; lastKnownFileType = sourcecode.c.objc; path = "UIView+BeeWireframe.m"; sourceTree = "<group>"; };
		63BF269D1653BEAE00F4F97C /* Bee_UIBoard.h */ = {isa = PBXFileReference; fileEncoding = 4; lastKnownFileType = sourcecode.c.h; path = Bee_UIBoard.h; sourceTree = "<group>"; };
		63BF269E1653BEAE00F4F97C /* Bee_UIBoard.m */ = {isa = PBXFileReference; fileEncoding = 4; lastKnownFileType = sourcecode.c.objc; path = Bee_UIBoard.m; sourceTree = "<group>"; };
		63BF269F1653BEAE00F4F97C /* Bee_UICameraBoard.h */ = {isa = PBXFileReference; fileEncoding = 4; lastKnownFileType = sourcecode.c.h; path = Bee_UICameraBoard.h; sourceTree = "<group>"; };
		63BF26A01653BEAE00F4F97C /* Bee_UICameraBoard.m */ = {isa = PBXFileReference; fileEncoding = 4; lastKnownFileType = sourcecode.c.objc; path = Bee_UICameraBoard.m; sourceTree = "<group>"; };
		63BF26A11653BEAE00F4F97C /* Bee_UIFlowBoard.h */ = {isa = PBXFileReference; fileEncoding = 4; lastKnownFileType = sourcecode.c.h; path = Bee_UIFlowBoard.h; sourceTree = "<group>"; };
		63BF26A21653BEAE00F4F97C /* Bee_UIFlowtBoard.m */ = {isa = PBXFileReference; fileEncoding = 4; lastKnownFileType = sourcecode.c.objc; path = Bee_UIFlowtBoard.m; sourceTree = "<group>"; };
		63BF26A31653BEAE00F4F97C /* Bee_UIStack.h */ = {isa = PBXFileReference; fileEncoding = 4; lastKnownFileType = sourcecode.c.h; path = Bee_UIStack.h; sourceTree = "<group>"; };
		63BF26A41653BEAE00F4F97C /* Bee_UIStack.m */ = {isa = PBXFileReference; fileEncoding = 4; lastKnownFileType = sourcecode.c.objc; path = Bee_UIStack.m; sourceTree = "<group>"; };
		63BF26A51653BEAE00F4F97C /* Bee_UIStackGroup.h */ = {isa = PBXFileReference; fileEncoding = 4; lastKnownFileType = sourcecode.c.h; path = Bee_UIStackGroup.h; sourceTree = "<group>"; };
		63BF26A61653BEAE00F4F97C /* Bee_UIStackGroup.m */ = {isa = PBXFileReference; fileEncoding = 4; lastKnownFileType = sourcecode.c.objc; path = Bee_UIStackGroup.m; sourceTree = "<group>"; };
		63BF26A71653BEAE00F4F97C /* Bee_UITableBoard.h */ = {isa = PBXFileReference; fileEncoding = 4; lastKnownFileType = sourcecode.c.h; path = Bee_UITableBoard.h; sourceTree = "<group>"; };
		63BF26A81653BEAE00F4F97C /* Bee_UITableBoard.m */ = {isa = PBXFileReference; fileEncoding = 4; lastKnownFileType = sourcecode.c.objc; path = Bee_UITableBoard.m; sourceTree = "<group>"; };
		63BF26A91653BEAE00F4F97C /* Bee_UIWebBoard.h */ = {isa = PBXFileReference; fileEncoding = 4; lastKnownFileType = sourcecode.c.h; path = Bee_UIWebBoard.h; sourceTree = "<group>"; };
		63BF26AA1653BEAE00F4F97C /* Bee_UIWebBoard.m */ = {isa = PBXFileReference; fileEncoding = 4; lastKnownFileType = sourcecode.c.objc; path = Bee_UIWebBoard.m; sourceTree = "<group>"; };
/* End PBXFileReference section */

/* Begin PBXFrameworksBuildPhase section */
		63BF25C31653BD9D00F4F97C /* Frameworks */ = {
			isa = PBXFrameworksBuildPhase;
			buildActionMask = 2147483647;
			files = (
				63BF25CE1653BD9D00F4F97C /* libz.dylib.framework in Frameworks */,
				63BF25D01653BD9D00F4F97C /* CoreMedia.framework in Frameworks */,
				63BF25D21653BD9D00F4F97C /* CoreVideo.framework in Frameworks */,
				63BF25D41653BD9D00F4F97C /* AVFoundation.framework in Frameworks */,
				63BF25D61653BD9D00F4F97C /* CoreGraphics.framework in Frameworks */,
				63BF25D81653BD9D00F4F97C /* CFNetwork.framework in Frameworks */,
				63BF25DA1653BD9D00F4F97C /* Foundation.framework in Frameworks */,
				63BF25DC1653BD9D00F4F97C /* MobileCoreServices.framework in Frameworks */,
				63BF25DE1653BD9D00F4F97C /* QuartzCore.framework in Frameworks */,
				63BF25E01653BD9D00F4F97C /* Security.framework in Frameworks */,
				63BF25E21653BD9D00F4F97C /* SystemConfiguration.framework in Frameworks */,
				63BF25E41653BD9D00F4F97C /* UIKit.framework in Frameworks */,
			);
			runOnlyForDeploymentPostprocessing = 0;
		};
		63BF25C61653BD9D00F4F97C /* Frameworks */ = {
			isa = PBXFrameworksBuildPhase;
			buildActionMask = 2147483647;
			files = (
			);
			runOnlyForDeploymentPostprocessing = 0;
		};
/* End PBXFrameworksBuildPhase section */

/* Begin PBXGroup section */
		63BF25BB1653BD9D00F4F97C = {
			isa = PBXGroup;
			children = (
				63BF260A1653BEAE00F4F97C /* BeeDebugger */,
				63BF26331653BEAE00F4F97C /* BeeFramework */,
				63BF25E51653BD9D00F4F97C /* iBooks */,
				63BF25CC1653BD9D00F4F97C /* Frameworks */,
				63BF25CA1653BD9D00F4F97C /* Products */,
			);
			sourceTree = "<group>";
		};
		63BF25CA1653BD9D00F4F97C /* Products */ = {
			isa = PBXGroup;
			children = (
				63BF25C91653BD9D00F4F97C /* iBooks.app */,
			);
			name = Products;
			sourceTree = "<group>";
		};
		63BF25CC1653BD9D00F4F97C /* Frameworks */ = {
			isa = PBXGroup;
			children = (
				63BF25CD1653BD9D00F4F97C /* libz.dylib.framework */,
				63BF25CF1653BD9D00F4F97C /* CoreMedia.framework */,
				63BF25D11653BD9D00F4F97C /* CoreVideo.framework */,
				63BF25D31653BD9D00F4F97C /* AVFoundation.framework */,
				63BF25D51653BD9D00F4F97C /* CoreGraphics.framework */,
				63BF25D71653BD9D00F4F97C /* CFNetwork.framework */,
				63BF25D91653BD9D00F4F97C /* Foundation.framework */,
				63BF25DB1653BD9D00F4F97C /* MobileCoreServices.framework */,
				63BF25DD1653BD9D00F4F97C /* QuartzCore.framework */,
				63BF25DF1653BD9D00F4F97C /* Security.framework */,
				63BF25E11653BD9D00F4F97C /* SystemConfiguration.framework */,
				63BF25E31653BD9D00F4F97C /* UIKit.framework */,
			);
			name = Frameworks;
			sourceTree = "<group>";
		};
		63BF25E51653BD9D00F4F97C /* iBooks */ = {
			isa = PBXGroup;
			children = (
				63BF25E61653BD9D00F4F97C /* Main */,
				63BF25E81653BD9D00F4F97C /* Supporting Files */,
			);
			path = iBooks;
			sourceTree = "<group>";
		};
		63BF25E61653BD9D00F4F97C /* Main */ = {
			isa = PBXGroup;
			children = (
				63BF25E71653BD9D00F4F97C /* iBooks-Info.plist */,
				63BF25EC1653BD9D00F4F97C /* main.m */,
				63BF25EF1653BD9D00F4F97C /* AppBoard.h */,
				63BF25F01653BD9D00F4F97C /* AppBoard.m */,
				63BF25F21653BD9D00F4F97C /* AppDelegate.h */,
				63BF25F31653BD9D00F4F97C /* AppDelegate.m */,
			);
			name = Main;
			sourceTree = "<group>";
		};
		63BF25E81653BD9D00F4F97C /* Supporting Files */ = {
			isa = PBXGroup;
			children = (
				63BF25E91653BD9D00F4F97C /* InfoPlist.strings */,
				63BF25EE1653BD9D00F4F97C /* iBooks-Prefix.pch */,
			);
			name = "Supporting Files";
			sourceTree = "<group>";
		};
		63BF260A1653BEAE00F4F97C /* BeeDebugger */ = {
			isa = PBXGroup;
			children = (
				63BF260B1653BEAE00F4F97C /* Bee_Debug.h */,
				63BF260C1653BEAE00F4F97C /* Bee_Debug.m */,
				63BF260D1653BEAE00F4F97C /* Bee_DebugDashBoard.h */,
				63BF260E1653BEAE00F4F97C /* Bee_DebugDashBoard.m */,
				63BF260F1653BEAE00F4F97C /* Bee_DebugDetailView.h */,
				63BF26101653BEAE00F4F97C /* Bee_DebugDetailView.m */,
				63BF26111653BEAE00F4F97C /* Bee_DebugHeatmapModel.h */,
				63BF26121653BEAE00F4F97C /* Bee_DebugHeatmapModel.m */,
				63BF26131653BEAE00F4F97C /* Bee_DebugMemoryBoard.h */,
				63BF26141653BEAE00F4F97C /* Bee_DebugMemoryBoard.m */,
				63BF26151653BEAE00F4F97C /* Bee_DebugMemoryModel.h */,
				63BF26161653BEAE00F4F97C /* Bee_DebugMemoryModel.m */,
				63BF26171653BEAE00F4F97C /* Bee_DebugMessageBoard.h */,
				63BF26181653BEAE00F4F97C /* Bee_DebugMessageBoard.m */,
				63BF26191653BEAE00F4F97C /* Bee_DebugMessageModel.h */,
				63BF261A1653BEAE00F4F97C /* Bee_DebugMessageModel.m */,
				63BF261B1653BEAE00F4F97C /* Bee_DebugNetworkBoard.h */,
				63BF261C1653BEAE00F4F97C /* Bee_DebugNetworkBoard.m */,
				63BF261D1653BEAE00F4F97C /* Bee_DebugNetworkModel.h */,
				63BF261E1653BEAE00F4F97C /* Bee_DebugNetworkModel.m */,
				63BF261F1653BEAE00F4F97C /* Bee_DebugPieView.h */,
				63BF26201653BEAE00F4F97C /* Bee_DebugPieView.m */,
				63BF26211653BEAE00F4F97C /* Bee_DebugPlotsView.h */,
				63BF26221653BEAE00F4F97C /* Bee_DebugPlotsView.m */,
				63BF26231653BEAE00F4F97C /* Bee_DebugSampleView.h */,
				63BF26241653BEAE00F4F97C /* Bee_DebugSampleView.m */,
				63BF26251653BEAE00F4F97C /* Bee_DebugSandboxBoard.h */,
				63BF26261653BEAE00F4F97C /* Bee_DebugSandboxBoard.m */,
				63BF26271653BEAE00F4F97C /* Bee_DebugUtility.h */,
				63BF26281653BEAE00F4F97C /* Bee_DebugUtility.m */,
				63BF26291653BEAE00F4F97C /* Bee_DebugViewBoard.h */,
				63BF262A1653BEAE00F4F97C /* Bee_DebugViewBoard.m */,
				63BF262B1653BEAE00F4F97C /* Bee_DebugWindow.h */,
				63BF262C1653BEAE00F4F97C /* Bee_DebugWindow.m */,
				63BF262D1653BEAE00F4F97C /* bug@2x.png */,
				63BF262E1653BEAE00F4F97C /* close@2x.png */,
				63BF262F1653BEAE00F4F97C /* file@2x.png */,
				63BF26301653BEAE00F4F97C /* folder@2x.png */,
				63BF26311653BEAE00F4F97C /* heat@2x.png */,
				63BF26321653BEAE00F4F97C /* tap@2x.png */,
			);
			name = BeeDebugger;
			path = ../../BeeDebugger;
			sourceTree = "<group>";
		};
		63BF26331653BEAE00F4F97C /* BeeFramework */ = {
			isa = PBXGroup;
			children = (
				63BF26341653BEAE00F4F97C /* Bee.h */,
				63BF26351653BEAE00F4F97C /* Foundation */,
				63BF265C1653BEAE00F4F97C /* MVC */,
			);
			name = BeeFramework;
			path = ../../BeeFramework;
			sourceTree = "<group>";
		};
		63BF26351653BEAE00F4F97C /* Foundation */ = {
			isa = PBXGroup;
			children = (
				63BF26361653BEAE00F4F97C /* Bee_Cache.h */,
				63BF26371653BEAE00F4F97C /* Bee_Cache.m */,
				63BF26381653BEAE00F4F97C /* Bee_Keychain.h */,
				63BF26391653BEAE00F4F97C /* Bee_Keychain.m */,
				63BF263A1653BEAE00F4F97C /* Bee_Log.h */,
				63BF263B1653BEAE00F4F97C /* Bee_Log.mm */,
				63BF263C1653BEAE00F4F97C /* Bee_Network.h */,
				63BF263D1653BEAE00F4F97C /* Bee_Network.m */,
				63BF263E1653BEAE00F4F97C /* Bee_Performance.h */,
				63BF263F1653BEAE00F4F97C /* Bee_Performance.mm */,
				63BF26401653BEAE00F4F97C /* Bee_Runtime.h */,
				63BF26411653BEAE00F4F97C /* Bee_Runtime.mm */,
				63BF26421653BEAE00F4F97C /* Bee_Sandbox.h */,
				63BF26431653BEAE00F4F97C /* Bee_Sandbox.mm */,
				63BF26441653BEAE00F4F97C /* Bee_Singleton.h */,
				63BF26451653BEAE00F4F97C /* Bee_Singleton.mm */,
				63BF26461653BEAE00F4F97C /* Bee_SystemInfo.h */,
				63BF26471653BEAE00F4F97C /* Bee_SystemInfo.m */,
				63BF26481653BEAE00F4F97C /* Bee_Thread.h */,
				63BF26491653BEAE00F4F97C /* Bee_Thread.mm */,
				63BF264A1653BEAE00F4F97C /* NSArray+BeeExtension.h */,
				63BF264B1653BEAE00F4F97C /* NSArray+BeeExtension.m */,
				63BF264C1653BEAE00F4F97C /* NSData+BeeExtension.h */,
				63BF264D1653BEAE00F4F97C /* NSData+BeeExtension.m */,
				63BF264E1653BEAE00F4F97C /* NSDate+BeeExtension.h */,
				63BF264F1653BEAE00F4F97C /* NSDate+BeeExtension.m */,
				63BF26501653BEAE00F4F97C /* NSDictionary+BeeExtension.h */,
				63BF26511653BEAE00F4F97C /* NSDictionary+BeeExtension.m */,
				63BF26521653BEAE00F4F97C /* NSNumber+BeeExtension.h */,
				63BF26531653BEAE00F4F97C /* NSNumber+BeeExtension.m */,
				63BF26541653BEAE00F4F97C /* NSObject+BeeNotification.h */,
				63BF26551653BEAE00F4F97C /* NSObject+BeeNotification.m */,
				63BF26561653BEAE00F4F97C /* NSObject+BeeProperty.h */,
				63BF26571653BEAE00F4F97C /* NSObject+BeeProperty.m */,
				63BF26581653BEAE00F4F97C /* NSObject+BeeTicker.h */,
				63BF26591653BEAE00F4F97C /* NSObject+BeeTicker.m */,
				63BF265A1653BEAE00F4F97C /* NSString+BeeExtension.h */,
				63BF265B1653BEAE00F4F97C /* NSString+BeeExtension.m */,
			);
			path = Foundation;
			sourceTree = "<group>";
		};
		63BF265C1653BEAE00F4F97C /* MVC */ = {
			isa = PBXGroup;
			children = (
				63BF265D1653BEAE00F4F97C /* Bee_Controller.h */,
				63BF265E1653BEAE00F4F97C /* Bee_Controller.mm */,
				63BF265F1653BEAE00F4F97C /* Bee_Model.h */,
				63BF26601653BEAE00F4F97C /* Bee_Model.m */,
				63BF26611653BEAE00F4F97C /* Bee_View.h */,
				63BF26621653BEAE00F4F97C /* Bee_View.m */,
				63BF26631653BEAE00F4F97C /* View */,
				63BF269C1653BEAE00F4F97C /* ViewController */,
			);
			path = MVC;
			sourceTree = "<group>";
		};
		63BF26631653BEAE00F4F97C /* View */ = {
			isa = PBXGroup;
			children = (
				63BF26641653BEAE00F4F97C /* Bee_UIActionSheet.h */,
				63BF26651653BEAE00F4F97C /* Bee_UIActionSheet.m */,
				63BF26661653BEAE00F4F97C /* Bee_UIActivityIndicatorView.h */,
				63BF26671653BEAE00F4F97C /* Bee_UIActivityIndicatorView.m */,
				63BF26681653BEAE00F4F97C /* Bee_UIAlertView.h */,
				63BF26691653BEAE00F4F97C /* Bee_UIAlertView.m */,
				63BF266A1653BEAE00F4F97C /* Bee_UIButton.h */,
				63BF266B1653BEAE00F4F97C /* Bee_UIButton.m */,
				63BF266C1653BEAE00F4F97C /* Bee_UIDatePicker.h */,
				63BF266D1653BEAE00F4F97C /* Bee_UIDatePicker.m */,
				63BF266E1653BEAE00F4F97C /* Bee_UIGridCell.h */,
				63BF266F1653BEAE00F4F97C /* Bee_UIGridCell.m */,
				63BF26701653BEAE00F4F97C /* Bee_UIImageView.h */,
				63BF26711653BEAE00F4F97C /* Bee_UIImageView.m */,
				63BF26721653BEAE00F4F97C /* Bee_UIKeyboard.h */,
				63BF26731653BEAE00F4F97C /* Bee_UIKeyboard.m */,
				63BF26741653BEAE00F4F97C /* Bee_UILabel.h */,
				63BF26751653BEAE00F4F97C /* Bee_UILabel.m */,
				63BF26761653BEAE00F4F97C /* Bee_UIOrientation.h */,
				63BF26771653BEAE00F4F97C /* Bee_UIOrientation.m */,
				63BF26781653BEAE00F4F97C /* Bee_UIPageControl.h */,
				63BF26791653BEAE00F4F97C /* Bee_UIPageControl.m */,
				63BF267A1653BEAE00F4F97C /* Bee_UIProgressView.h */,
				63BF267B1653BEAE00F4F97C /* Bee_UIProgressView.m */,
				63BF267C1653BEAE00F4F97C /* Bee_UIPullLoader.h */,
				63BF267D1653BEAE00F4F97C /* Bee_UIPullLoader.m */,
				63BF267E1653BEAE00F4F97C /* Bee_UIScrollView.h */,
				63BF267F1653BEAE00F4F97C /* Bee_UIScrollView.m */,
				63BF26801653BEAE00F4F97C /* Bee_UISegmentedControl.h */,
				63BF26811653BEAE00F4F97C /* Bee_UISegmentedControl.m */,
				63BF26821653BEAE00F4F97C /* Bee_UISignal.h */,
				63BF26831653BEAE00F4F97C /* Bee_UISignal.m */,
				63BF26841653BEAE00F4F97C /* Bee_UITabBar.h */,
				63BF26851653BEAE00F4F97C /* Bee_UITabBar.m */,
				63BF26861653BEAE00F4F97C /* Bee_UITextField.h */,
				63BF26871653BEAE00F4F97C /* Bee_UITextField.m */,
				63BF26881653BEAE00F4F97C /* Bee_UITextView.h */,
				63BF26891653BEAE00F4F97C /* Bee_UITextView.m */,
				63BF268A1653BEAE00F4F97C /* Bee_UIWebView.h */,
				63BF268B1653BEAE00F4F97C /* Bee_UIWebView.m */,
				63BF268C1653BEAE00F4F97C /* Bee_UIZoomView.h */,
				63BF268D1653BEAE00F4F97C /* Bee_UIZoomView.m */,
				63BF268E1653BEAE00F4F97C /* CGRect+BeeExtension.h */,
				63BF268F1653BEAE00F4F97C /* CGRect+BeeExtension.m */,
				63BF26901653BEAE00F4F97C /* UIColor+BeeExtension.h */,
				63BF26911653BEAE00F4F97C /* UIColor+BeeExtension.m */,
				63BF26921653BEAE00F4F97C /* UIFont+BeeExtension.h */,
				63BF26931653BEAE00F4F97C /* UIFont+BeeExtension.m */,
				63BF26941653BEAE00F4F97C /* UIImage+BeeExtension.h */,
				63BF26951653BEAE00F4F97C /* UIImage+BeeExtension.m */,
				63BF26961653BEAE00F4F97C /* UIView+BeeBackground.h */,
				63BF26971653BEAE00F4F97C /* UIView+BeeBackground.m */,
				63BF26981653BEAE00F4F97C /* UIView+BeeQuery.h */,
				63BF26991653BEAE00F4F97C /* UIView+BeeQuery.m */,
				63BF269A1653BEAE00F4F97C /* UIView+BeeWireframe.h */,
				63BF269B1653BEAE00F4F97C /* UIView+BeeWireframe.m */,
			);
			path = View;
			sourceTree = "<group>";
		};
		63BF269C1653BEAE00F4F97C /* ViewController */ = {
			isa = PBXGroup;
			children = (
				63BF269D1653BEAE00F4F97C /* Bee_UIBoard.h */,
				63BF269E1653BEAE00F4F97C /* Bee_UIBoard.m */,
				63BF269F1653BEAE00F4F97C /* Bee_UICameraBoard.h */,
				63BF26A01653BEAE00F4F97C /* Bee_UICameraBoard.m */,
				63BF26A11653BEAE00F4F97C /* Bee_UIFlowBoard.h */,
				63BF26A21653BEAE00F4F97C /* Bee_UIFlowtBoard.m */,
				63BF26A31653BEAE00F4F97C /* Bee_UIStack.h */,
				63BF26A41653BEAE00F4F97C /* Bee_UIStack.m */,
				63BF26A51653BEAE00F4F97C /* Bee_UIStackGroup.h */,
				63BF26A61653BEAE00F4F97C /* Bee_UIStackGroup.m */,
				63BF26A71653BEAE00F4F97C /* Bee_UITableBoard.h */,
				63BF26A81653BEAE00F4F97C /* Bee_UITableBoard.m */,
				63BF26A91653BEAE00F4F97C /* Bee_UIWebBoard.h */,
				63BF26AA1653BEAE00F4F97C /* Bee_UIWebBoard.m */,
			);
			path = ViewController;
			sourceTree = "<group>";
		};
/* End PBXGroup section */

/* Begin PBXNativeTarget section */
		63BF25C81653BD9D00F4F97C /* iBooks */ = {
			isa = PBXNativeTarget;
			buildConfigurationList = 63BF25F71653BD9D00F4F97C /* Build configuration list for PBXNativeTarget "iBooks" */;
			buildPhases = (
				63BF25C21653BD9D00F4F97C /* Sources */,
				63BF25C31653BD9D00F4F97C /* Frameworks */,
				63BF25C41653BD9D00F4F97C /* Resources */,
				63BF25C51653BD9D00F4F97C /* Sources */,
				63BF25C61653BD9D00F4F97C /* Frameworks */,
				63BF25C71653BD9D00F4F97C /* ShellScript */,
			);
			buildRules = (
			);
			dependencies = (
			);
			name = iBooks;
			productName = iBooks;
			productReference = 63BF25C91653BD9D00F4F97C /* iBooks.app */;
			productType = "com.apple.product-type.application";
		};
/* End PBXNativeTarget section */

/* Begin PBXProject section */
		63BF25BD1653BD9D00F4F97C /* Project object */ = {
			isa = PBXProject;
			attributes = {
				LastUpgradeCheck = 0430;
				ORGANIZATIONNAME = tencent;
			};
			buildConfigurationList = 63BF25C01653BD9D00F4F97C /* Build configuration list for PBXProject "iBooks" */;
			compatibilityVersion = "Xcode 3.2";
			developmentRegion = English;
			hasScannedForEncodings = 0;
			knownRegions = (
				en,
			);
			mainGroup = 63BF25BB1653BD9D00F4F97C;
			productRefGroup = 63BF25CA1653BD9D00F4F97C /* Products */;
			projectDirPath = "";
			projectRoot = "";
			targets = (
				63BF25C81653BD9D00F4F97C /* iBooks */,
			);
		};
/* End PBXProject section */

/* Begin PBXResourcesBuildPhase section */
		63BF25C41653BD9D00F4F97C /* Resources */ = {
			isa = PBXResourcesBuildPhase;
			buildActionMask = 2147483647;
			files = (
				63BF25EB1653BD9D00F4F97C /* InfoPlist.strings in Resources */,
				63BF26BC1653BEAE00F4F97C /* bug@2x.png in Resources */,
				63BF26BD1653BEAE00F4F97C /* close@2x.png in Resources */,
				63BF26BE1653BEAE00F4F97C /* file@2x.png in Resources */,
				63BF26BF1653BEAE00F4F97C /* folder@2x.png in Resources */,
				63BF26C01653BEAE00F4F97C /* heat@2x.png in Resources */,
				63BF26C11653BEAE00F4F97C /* tap@2x.png in Resources */,
			);
			runOnlyForDeploymentPostprocessing = 0;
		};
/* End PBXResourcesBuildPhase section */

/* Begin PBXShellScriptBuildPhase section */
		63BF25C71653BD9D00F4F97C /* ShellScript */ = {
			isa = PBXShellScriptBuildPhase;
			buildActionMask = 2147483647;
			files = (
			);
			inputPaths = (
			);
			outputPaths = (
			);
			runOnlyForDeploymentPostprocessing = 0;
			shellPath = /bin/bash;
			shellScript = "\n\t\t\t\t\t\t\t\tif [ ! -d \"$PROJECT_DIR/www\" ] ; then\n\t\t\t\t\t\t\t\t\tcp -R /Users/Shared/PhoneGap/Frameworks/PhoneGap.framework/www \"$PROJECT_DIR\"\n\t\t\t\t\t\t\t\tfi\n\t\t\t\t\t\t\t\t# detect www folder reference in project, if missing, print warning\n\t\t\t\t\t\t\t\tgrep \"{isa = PBXFileReference; lastKnownFileType = folder; path = www; sourceTree = \\\"<group>\\\"; };\" \"$PROJECT_DIR/$PROJECT_NAME.xcodeproj/project.pbxproj\"\n\t\t\t\t\t\t\t\trc=$? \n\t\t\t\t\t\t\t\tif [ $rc != 0 ] ; then\n\t\t\t\t\t\t\t\techo -e \"warning: Missing - Add $PROJECT_DIR/www as a folder reference in your project. Just drag and drop the folder into your project, into the Project Navigator of Xcode 4. Make sure you select the second radio-button: 'Create folder references for any added folders' (which will create a blue folder)\" 1>&2\n\t\t\t\t\t\t\t\tfi\t\t\t\t\t\t\t";
		};
/* End PBXShellScriptBuildPhase section */

/* Begin PBXSourcesBuildPhase section */
		63BF25C21653BD9D00F4F97C /* Sources */ = {
			isa = PBXSourcesBuildPhase;
			buildActionMask = 2147483647;
			files = (
				63BF25ED1653BD9D00F4F97C /* main.m in Sources */,
				63BF25F11653BD9D00F4F97C /* AppBoard.m in Sources */,
				63BF25F41653BD9D00F4F97C /* AppDelegate.m in Sources */,
				63BF26AB1653BEAE00F4F97C /* Bee_Debug.m in Sources */,
				63BF26AC1653BEAE00F4F97C /* Bee_DebugDashBoard.m in Sources */,
				63BF26AD1653BEAE00F4F97C /* Bee_DebugDetailView.m in Sources */,
				63BF26AE1653BEAE00F4F97C /* Bee_DebugHeatmapModel.m in Sources */,
				63BF26AF1653BEAE00F4F97C /* Bee_DebugMemoryBoard.m in Sources */,
				63BF26B01653BEAE00F4F97C /* Bee_DebugMemoryModel.m in Sources */,
				63BF26B11653BEAE00F4F97C /* Bee_DebugMessageBoard.m in Sources */,
				63BF26B21653BEAE00F4F97C /* Bee_DebugMessageModel.m in Sources */,
				63BF26B31653BEAE00F4F97C /* Bee_DebugNetworkBoard.m in Sources */,
				63BF26B41653BEAE00F4F97C /* Bee_DebugNetworkModel.m in Sources */,
				63BF26B51653BEAE00F4F97C /* Bee_DebugPieView.m in Sources */,
				63BF26B61653BEAE00F4F97C /* Bee_DebugPlotsView.m in Sources */,
				63BF26B71653BEAE00F4F97C /* Bee_DebugSampleView.m in Sources */,
				63BF26B81653BEAE00F4F97C /* Bee_DebugSandboxBoard.m in Sources */,
				63BF26B91653BEAE00F4F97C /* Bee_DebugUtility.m in Sources */,
				63BF26BA1653BEAE00F4F97C /* Bee_DebugViewBoard.m in Sources */,
				63BF26BB1653BEAE00F4F97C /* Bee_DebugWindow.m in Sources */,
				63BF26C21653BEAE00F4F97C /* Bee_Cache.m in Sources */,
				63BF26C31653BEAE00F4F97C /* Bee_Keychain.m in Sources */,
				63BF26C41653BEAE00F4F97C /* Bee_Log.mm in Sources */,
				63BF26C51653BEAE00F4F97C /* Bee_Network.m in Sources */,
				63BF26C61653BEAE00F4F97C /* Bee_Performance.mm in Sources */,
				63BF26C71653BEAE00F4F97C /* Bee_Runtime.mm in Sources */,
				63BF26C81653BEAE00F4F97C /* Bee_Sandbox.mm in Sources */,
				63BF26C91653BEAE00F4F97C /* Bee_Singleton.mm in Sources */,
				63BF26CA1653BEAE00F4F97C /* Bee_SystemInfo.m in Sources */,
				63BF26CB1653BEAE00F4F97C /* Bee_Thread.mm in Sources */,
				63BF26CC1653BEAE00F4F97C /* NSArray+BeeExtension.m in Sources */,
				63BF26CD1653BEAE00F4F97C /* NSData+BeeExtension.m in Sources */,
				63BF26CE1653BEAE00F4F97C /* NSDate+BeeExtension.m in Sources */,
				63BF26CF1653BEAE00F4F97C /* NSDictionary+BeeExtension.m in Sources */,
				63BF26D01653BEAE00F4F97C /* NSNumber+BeeExtension.m in Sources */,
				63BF26D11653BEAE00F4F97C /* NSObject+BeeNotification.m in Sources */,
				63BF26D21653BEAE00F4F97C /* NSObject+BeeProperty.m in Sources */,
				63BF26D31653BEAE00F4F97C /* NSObject+BeeTicker.m in Sources */,
				63BF26D41653BEAE00F4F97C /* NSString+BeeExtension.m in Sources */,
				63BF26D51653BEAE00F4F97C /* Bee_Controller.mm in Sources */,
				63BF26D61653BEAE00F4F97C /* Bee_Model.m in Sources */,
				63BF26D71653BEAE00F4F97C /* Bee_View.m in Sources */,
				63BF26D81653BEAE00F4F97C /* Bee_UIActionSheet.m in Sources */,
				63BF26D91653BEAE00F4F97C /* Bee_UIActivityIndicatorView.m in Sources */,
				63BF26DA1653BEAE00F4F97C /* Bee_UIAlertView.m in Sources */,
				63BF26DB1653BEAE00F4F97C /* Bee_UIButton.m in Sources */,
				63BF26DC1653BEAE00F4F97C /* Bee_UIDatePicker.m in Sources */,
				63BF26DD1653BEAE00F4F97C /* Bee_UIGridCell.m in Sources */,
				63BF26DE1653BEAE00F4F97C /* Bee_UIImageView.m in Sources */,
				63BF26DF1653BEAE00F4F97C /* Bee_UIKeyboard.m in Sources */,
				63BF26E01653BEAE00F4F97C /* Bee_UILabel.m in Sources */,
				63BF26E11653BEAE00F4F97C /* Bee_UIOrientation.m in Sources */,
				63BF26E21653BEAE00F4F97C /* Bee_UIPageControl.m in Sources */,
				63BF26E31653BEAE00F4F97C /* Bee_UIProgressView.m in Sources */,
				63BF26E41653BEAE00F4F97C /* Bee_UIPullLoader.m in Sources */,
				63BF26E51653BEAE00F4F97C /* Bee_UIScrollView.m in Sources */,
				63BF26E61653BEAE00F4F97C /* Bee_UISegmentedControl.m in Sources */,
				63BF26E71653BEAE00F4F97C /* Bee_UISignal.m in Sources */,
				63BF26E81653BEAE00F4F97C /* Bee_UITabBar.m in Sources */,
				63BF26E91653BEAE00F4F97C /* Bee_UITextField.m in Sources */,
				63BF26EA1653BEAE00F4F97C /* Bee_UITextView.m in Sources */,
				63BF26EB1653BEAE00F4F97C /* Bee_UIWebView.m in Sources */,
				63BF26EC1653BEAE00F4F97C /* Bee_UIZoomView.m in Sources */,
				63BF26ED1653BEAE00F4F97C /* CGRect+BeeExtension.m in Sources */,
				63BF26EE1653BEAE00F4F97C /* UIColor+BeeExtension.m in Sources */,
				63BF26EF1653BEAE00F4F97C /* UIFont+BeeExtension.m in Sources */,
				63BF26F01653BEAE00F4F97C /* UIImage+BeeExtension.m in Sources */,
				63BF26F11653BEAE00F4F97C /* UIView+BeeBackground.m in Sources */,
				63BF26F21653BEAE00F4F97C /* UIView+BeeQuery.m in Sources */,
				63BF26F31653BEAE00F4F97C /* UIView+BeeWireframe.m in Sources */,
				63BF26F41653BEAE00F4F97C /* Bee_UIBoard.m in Sources */,
				63BF26F51653BEAE00F4F97C /* Bee_UICameraBoard.m in Sources */,
				63BF26F61653BEAE00F4F97C /* Bee_UIFlowtBoard.m in Sources */,
				63BF26F71653BEAE00F4F97C /* Bee_UIStack.m in Sources */,
				63BF26F81653BEAE00F4F97C /* Bee_UIStackGroup.m in Sources */,
				63BF26F91653BEAE00F4F97C /* Bee_UITableBoard.m in Sources */,
				63BF26FA1653BEAE00F4F97C /* Bee_UIWebBoard.m in Sources */,
			);
			runOnlyForDeploymentPostprocessing = 0;
		};
		63BF25C51653BD9D00F4F97C /* Sources */ = {
			isa = PBXSourcesBuildPhase;
			buildActionMask = 2147483647;
			files = (
			);
			runOnlyForDeploymentPostprocessing = 0;
		};
/* End PBXSourcesBuildPhase section */

/* Begin PBXVariantGroup section */
		63BF25E91653BD9D00F4F97C /* InfoPlist.strings */ = {
			isa = PBXVariantGroup;
			children = (
				63BF25EA1653BD9D00F4F97C /* en */,
			);
			name = InfoPlist.strings;
			sourceTree = "<group>";
		};
/* End PBXVariantGroup section */

/* Begin XCBuildConfiguration section */
		63BF25F51653BD9D00F4F97C /* Debug */ = {
			isa = XCBuildConfiguration;
			buildSettings = {
				ALWAYS_SEARCH_USER_PATHS = NO;
				ARCHS = "$(ARCHS_STANDARD_32_BIT)";
				"CODE_SIGN_IDENTITY[sdk=iphoneos*]" = "iPhone Developer";
				COPY_PHASE_STRIP = NO;
				GCC_C_LANGUAGE_STANDARD = gnu99;
				GCC_DYNAMIC_NO_PIC = NO;
				GCC_OPTIMIZATION_LEVEL = 0;
				GCC_PREPROCESSOR_DEFINITIONS = (
					"DEBUG=1",
					"$(inherited)",
				);
				GCC_SYMBOLS_PRIVATE_EXTERN = NO;
				GCC_VERSION = com.apple.compilers.llvmgcc42;
				GCC_WARN_ABOUT_RETURN_TYPE = YES;
				GCC_WARN_UNINITIALIZED_AUTOS = YES;
				GCC_WARN_UNUSED_VARIABLE = YES;
				IPHONEOS_DEPLOYMENT_TARGET = 3.0;
				SDKROOT = iphoneos;
			};
			name = Debug;
		};
		63BF25F61653BD9D00F4F97C /* Release */ = {
			isa = XCBuildConfiguration;
			buildSettings = {
				ALWAYS_SEARCH_USER_PATHS = NO;
				ARCHS = "$(ARCHS_STANDARD_32_BIT)";
				"CODE_SIGN_IDENTITY[sdk=iphoneos*]" = "iPhone Developer";
				COPY_PHASE_STRIP = YES;
				GCC_C_LANGUAGE_STANDARD = gnu99;
				GCC_VERSION = com.apple.compilers.llvmgcc42;
				GCC_WARN_ABOUT_RETURN_TYPE = YES;
				GCC_WARN_UNINITIALIZED_AUTOS = YES;
				GCC_WARN_UNUSED_VARIABLE = YES;
				IPHONEOS_DEPLOYMENT_TARGET = 3.0;
				SDKROOT = iphoneos;
				VALIDATE_PRODUCT = YES;
			};
			name = Release;
		};
		63BF25F81653BD9D00F4F97C /* Debug */ = {
			isa = XCBuildConfiguration;
			buildSettings = {
				ALWAYS_SEARCH_USER_PATHS = YES;
				COPY_PHASE_STRIP = NO;
				FRAMEWORK_SEARCH_PATHS = (
					"$(inherited)",
					"\"$(SYSTEM_APPS_DIR)/Xcode.app/Contents/Developer/Library/Frameworks\"",
				);
				GCC_DYNAMIC_NO_PIC = NO;
				GCC_PRECOMPILE_PREFIX_HEADER = YES;
				GCC_PREFIX_HEADER = "iBooks/iBooks-Prefix.pch";
				INFOPLIST_FILE = "iBooks/iBooks-Info.plist";
				OTHER_LDFLAGS = (
					"-weak_framework",
					UIKit,
					"-weak_framework",
					AVFoundation,
					"-weak_framework",
					CoreMedia,
					"-weak_library",
					/usr/lib/libSystem.B.dylib,
				);
				PRODUCT_NAME = "$(TARGET_NAME)";
				TARGETED_DEVICE_FAMILY = "1,2";
				WRAPPER_EXTENSION = app;
			};
			name = Debug;
		};
		63BF25F91653BD9D00F4F97C /* Release */ = {
			isa = XCBuildConfiguration;
			buildSettings = {
				ALWAYS_SEARCH_USER_PATHS = YES;
				COPY_PHASE_STRIP = YES;
				DEBUG_INFORMATION_FORMAT = "dwarf-with-dsym";
				FRAMEWORK_SEARCH_PATHS = (
					"$(inherited)",
					"\"$(SYSTEM_APPS_DIR)/Xcode.app/Contents/Developer/Library/Frameworks\"",
				);
				GCC_PRECOMPILE_PREFIX_HEADER = YES;
				GCC_PREFIX_HEADER = "iBooks/iBooks-Prefix.pch";
				INFOPLIST_FILE = "iBooks/iBooks-Info.plist";
				OTHER_LDFLAGS = (
					"-weak_framework",
					UIKit,
					"-weak_framework",
					AVFoundation,
					"-weak_framework",
					CoreMedia,
					"-weak_library",
					/usr/lib/libSystem.B.dylib,
				);
				PRODUCT_NAME = "$(TARGET_NAME)";
				TARGETED_DEVICE_FAMILY = "1,2";
				VALIDATE_PRODUCT = YES;
				WRAPPER_EXTENSION = app;
			};
			name = Release;
		};
/* End XCBuildConfiguration section */

/* Begin XCConfigurationList section */
		63BF25C01653BD9D00F4F97C /* Build configuration list for PBXProject "iBooks" */ = {
			isa = XCConfigurationList;
			buildConfigurations = (
				63BF25F51653BD9D00F4F97C /* Debug */,
				63BF25F61653BD9D00F4F97C /* Release */,
			);
			defaultConfigurationIsVisible = 0;
			defaultConfigurationName = Release;
		};
		63BF25F71653BD9D00F4F97C /* Build configuration list for PBXNativeTarget "iBooks" */ = {
			isa = XCConfigurationList;
			buildConfigurations = (
				63BF25F81653BD9D00F4F97C /* Debug */,
				63BF25F91653BD9D00F4F97C /* Release */,
			);
			defaultConfigurationIsVisible = 0;
			defaultConfigurationName = Release;
		};
/* End XCConfigurationList section */
	};
	rootObject = 63BF25BD1653BD9D00F4F97C /* Project object */;
}
